// !$*UTF8*$!
{
	archiveVersion = 1;
	classes = {
	};
	objectVersion = 46;
	objects = {

/* Begin PBXBuildFile section */
		00E7693985C6746E94870C0C /* history.md in Sources */ = {isa = PBXBuildFile; fileRef = D35FE818DAD79E0110A02D56 /* history.md */; };
		00F8DAC81953313F8180A13C /* ofxTextBlock.cpp in Sources */ = {isa = PBXBuildFile; fileRef = 1486C841BC2A30DB7CBC449C /* ofxTextBlock.cpp */; };
		040259BAD9E7E5CDA062C1FF /* Verdana.ttf in Sources */ = {isa = PBXBuildFile; fileRef = 63946788F06FDE10D90614A3 /* Verdana.ttf */; };
		059F15A57C00F89CF43FDDD6 /* ofxSmartFont.cpp in Sources */ = {isa = PBXBuildFile; fileRef = AE9EA26E2A646CE843DEEB1E /* ofxSmartFont.cpp */; };
		083990CC21188403001CC7AE /* UdpManager.cpp in Sources */ = {isa = PBXBuildFile; fileRef = 083990CB21188403001CC7AE /* UdpManager.cpp */; };
		083990DC2118895D001CC7AE /* ofxTCPClient.cpp in Sources */ = {isa = PBXBuildFile; fileRef = 083990D32118895D001CC7AE /* ofxTCPClient.cpp */; };
		083990DD2118895D001CC7AE /* ofxTCPManager.cpp in Sources */ = {isa = PBXBuildFile; fileRef = 083990D52118895D001CC7AE /* ofxTCPManager.cpp */; };
		083990DE2118895D001CC7AE /* ofxTCPServer.cpp in Sources */ = {isa = PBXBuildFile; fileRef = 083990D82118895D001CC7AE /* ofxTCPServer.cpp */; };
		083990DF2118895D001CC7AE /* ofxUDPManager.cpp in Sources */ = {isa = PBXBuildFile; fileRef = 083990DB2118895D001CC7AE /* ofxUDPManager.cpp */; };
		08B297692118DFF400B46CCB /* ofxSimpleTimer.cpp in Sources */ = {isa = PBXBuildFile; fileRef = 08B297682118DFF400B46CCB /* ofxSimpleTimer.cpp */; };
		08F6603D211B422C00E6D734 /* myEasyCam.cpp in Sources */ = {isa = PBXBuildFile; fileRef = 08F6603B211B422C00E6D734 /* myEasyCam.cpp */; };
		106B97E658138710B59773AE /* GodRaysPass.cpp in Sources */ = {isa = PBXBuildFile; fileRef = BE19FA45FB564FF3B31F7717 /* GodRaysPass.cpp */; };
		1835B306208122634C04CA79 /* ModelManager.cpp in Sources */ = {isa = PBXBuildFile; fileRef = EC2958AE46C53B67E9739A17 /* ModelManager.cpp */; };
		1AF15FCF93D2DDD6D4285C8E /* AppManager.cpp in Sources */ = {isa = PBXBuildFile; fileRef = 5056FC61E30B9810903B814D /* AppManager.cpp */; };
		209D83A65C0D547E3D4F62A5 /* readme.md in Sources */ = {isa = PBXBuildFile; fileRef = 74D32EE8DF638ACA80358972 /* readme.md */; };
		32BAF795C43C262CEE96C5C6 /* PostProcessing.cpp in Sources */ = {isa = PBXBuildFile; fileRef = 2CD8F947D89F5E5DC73C37FB /* PostProcessing.cpp */; };
		333113E71EDD596780D5FC0C /* ofxBlur.cpp in Sources */ = {isa = PBXBuildFile; fileRef = 53739A80780BD4355F09B5A6 /* ofxBlur.cpp */; };
		3858F6C5A65122C7E9AB7A44 /* BloomPass.cpp in Sources */ = {isa = PBXBuildFile; fileRef = 270B9F32AC131BBF45E6B021 /* BloomPass.cpp */; };
		3A6C7D72771284673CBE247D /* ImageVisual.cpp in Sources */ = {isa = PBXBuildFile; fileRef = 4F661FE0411AA0AC01E34CB7 /* ImageVisual.cpp */; };
		3FE2F90B109919F6223E9439 /* LedsManager.cpp in Sources */ = {isa = PBXBuildFile; fileRef = F6D304BD6F716E0F1666FDA6 /* LedsManager.cpp */; };
		41495ECD0155116522DCA99A /* VideoManager.cpp in Sources */ = {isa = PBXBuildFile; fileRef = 2990685E1D17096D1F9B64CF /* VideoManager.cpp */; };
		46DE9A6B85E9B574643D0D67 /* icon-group-open.png in Sources */ = {isa = PBXBuildFile; fileRef = A01E3068BFA24F657DF38672 /* icon-group-open.png */; };
		48F94177806B5CB8D3C0F283 /* CameraAnimations.cpp in Sources */ = {isa = PBXBuildFile; fileRef = A05F1DCF8180DEEC9FBAE585 /* CameraAnimations.cpp */; };
		491AAC4FBA6A0EED0F888BB3 /* FxaaPass.cpp in Sources */ = {isa = PBXBuildFile; fileRef = F595AA9F6DA817B3AA3D4B96 /* FxaaPass.cpp */; };
		49EE14834E328B244122B5DE /* ofxDatGui.cpp in Sources */ = {isa = PBXBuildFile; fileRef = F01F646CD84F962650B9F49A /* ofxDatGui.cpp */; };
		5057E92136F67CEB60A9CFE8 /* icon-radio-on.png in Sources */ = {isa = PBXBuildFile; fileRef = A29639DFC905F9941E01F8A6 /* icon-radio-on.png */; };
		5152A5DBF51A461014A1F631 /* KeyboardManager.cpp in Sources */ = {isa = PBXBuildFile; fileRef = 3A260C79069FA7DEF9728CEC /* KeyboardManager.cpp */; };
		58BCEB4034B30CB4A3456FC7 /* SettingsManager.cpp in Sources */ = {isa = PBXBuildFile; fileRef = 73D7AA4CF4895FC3DEEC2978 /* SettingsManager.cpp */; };
		5D1636B56624E8846A871192 /* RenderPass.cpp in Sources */ = {isa = PBXBuildFile; fileRef = B4C368B9ED6096766223AD3C /* RenderPass.cpp */; };
		5D33A9513B2A4C6DBD3188C7 /* GuiManager.cpp in Sources */ = {isa = PBXBuildFile; fileRef = 4907E8B0250B798D3E6F09A1 /* GuiManager.cpp */; };
		6286707BC126BC69BE17FB3A /* NoiseWarpPass.cpp in Sources */ = {isa = PBXBuildFile; fileRef = C54361CF83B4E9B8335D8C53 /* NoiseWarpPass.cpp */; };
		63A90FF94CFD24B528DBEF66 /* icon-radio-off.png in Sources */ = {isa = PBXBuildFile; fileRef = EE8EE9B67F16AAC684FE2416 /* icon-radio-off.png */; };
		65E588AA75CD1992180164AC /* DofAltPass.cpp in Sources */ = {isa = PBXBuildFile; fileRef = 17CAE0163B7670B76C09C04A /* DofAltPass.cpp */; };
		68A59FFAF8D6A1C715A69CD4 /* EngineFont.cpp in Sources */ = {isa = PBXBuildFile; fileRef = 71EF984EC44E239BE26DBB24 /* EngineFont.cpp */; };
		6BE84BED9B493CA514480EF3 /* ofxaddons_thumbnail.png in Sources */ = {isa = PBXBuildFile; fileRef = FAA8F38D0BB49C2C375B1E73 /* ofxaddons_thumbnail.png */; };
		6CF4DB637050B51EF40A4CE3 /* LUTPass.cpp in Sources */ = {isa = PBXBuildFile; fileRef = C5B3235BAAE16184979CCE55 /* LUTPass.cpp */; };
		6F36C225B48477DFCCA6FB64 /* ResourceManager.cpp in Sources */ = {isa = PBXBuildFile; fileRef = 5FA64D51DA6D1619944A259C /* ResourceManager.cpp */; };
		6F6BBB4756484E68AB2208D7 /* picker-rainbow.png in Sources */ = {isa = PBXBuildFile; fileRef = 3486E8F5DE7C2E67C1755543 /* picker-rainbow.png */; };
		73F91A92F99A915CBFADC77E /* SSAOPass.cpp in Sources */ = {isa = PBXBuildFile; fileRef = DCAC9FD717E304DDEDDEA3A6 /* SSAOPass.cpp */; };
		751907BAACEFE670BD007118 /* VerticalTiltShifPass.cpp in Sources */ = {isa = PBXBuildFile; fileRef = EFFBFFED8032234C9F89EE94 /* VerticalTiltShifPass.cpp */; };
		76A63EE6C436F4596E9DDE8C /* readme.md in Sources */ = {isa = PBXBuildFile; fileRef = B5D3E3DBCF9C9E351AA85AD5 /* readme.md */; };
		7A4524965841683C0415874A /* HsbShiftPass.cpp in Sources */ = {isa = PBXBuildFile; fileRef = E22A688927374F27EC795E58 /* HsbShiftPass.cpp */; };
		809B0D0AA188CF0F15F4D0E2 /* ConvolutionPass.cpp in Sources */ = {isa = PBXBuildFile; fileRef = 279FCE7B33276953D0BDBC56 /* ConvolutionPass.cpp */; };
		8310E60C1E2408B2C5269D5B /* ImageManager.cpp in Sources */ = {isa = PBXBuildFile; fileRef = C5B2FDB91DADF7FAA8F0E58C /* ImageManager.cpp */; };
		86973836275DBDFE10FC4D07 /* roadmap.md in Sources */ = {isa = PBXBuildFile; fileRef = 5BD8773A783AE9C3F4EB4D32 /* roadmap.md */; };
		875651AF8693D3DE4CC23485 /* VisualEffects.cpp in Sources */ = {isa = PBXBuildFile; fileRef = DCB9CB9C1093718FA5F131FA /* VisualEffects.cpp */; };
		8C9DFFBD826A20F752ED0CD6 /* CameraManager.cpp in Sources */ = {isa = PBXBuildFile; fileRef = 89DFBB918E3BCAFB0C93CAF3 /* CameraManager.cpp */; };
		8D6C918BE49C3E9E6DC748EC /* RGBShiftPass.cpp in Sources */ = {isa = PBXBuildFile; fileRef = C5C37E57854B9B32B29B03F0 /* RGBShiftPass.cpp */; };
		8EF4DE54739314545CE7072E /* HorizontalTiltShifPass.cpp in Sources */ = {isa = PBXBuildFile; fileRef = 404BD01D94515880BDB3BB31 /* HorizontalTiltShifPass.cpp */; };
		93510377552D47B6620A7586 /* LayoutManager.cpp in Sources */ = {isa = PBXBuildFile; fileRef = 4229475864D5EBC7913C8351 /* LayoutManager.cpp */; };
		94A5BE8D9E5D956B6F719756 /* EdgePass.cpp in Sources */ = {isa = PBXBuildFile; fileRef = D8CAEC73346F19D366F0F70E /* EdgePass.cpp */; };
		9D9E0E996DA1B9AC9952C889 /* ViewManager.cpp in Sources */ = {isa = PBXBuildFile; fileRef = 4FE37A31C904F445222B25FC /* ViewManager.cpp */; };
		A6F9B2E3C2F68F92EDECB6E4 /* ContrastPass.cpp in Sources */ = {isa = PBXBuildFile; fileRef = A9EC65E7BAAEF0AD0F0F3A8F /* ContrastPass.cpp */; };
		AEEA65D8B5235753D25F3B81 /* RimHighlightingPass.cpp in Sources */ = {isa = PBXBuildFile; fileRef = 9A0E195E4D3AE277D298CD77 /* RimHighlightingPass.cpp */; };
		B790DA4F42194210B9259E42 /* VisualEffectsManager.cpp in Sources */ = {isa = PBXBuildFile; fileRef = BEDDA11B665FA62A298B7C39 /* VisualEffectsManager.cpp */; };
		BA050F08F3511512F4DAAAF1 /* ToonPass.cpp in Sources */ = {isa = PBXBuildFile; fileRef = 9265A903B04A971D3E1F93BA /* ToonPass.cpp */; };
		C0BE98DAA1C7F09C90863281 /* LimbDarkeningPass.cpp in Sources */ = {isa = PBXBuildFile; fileRef = 7DD73A59B148E0587BD69D06 /* LimbDarkeningPass.cpp */; };
		C6B3BFC2668F137F745DC3C6 /* CameraAnimationsManager.cpp in Sources */ = {isa = PBXBuildFile; fileRef = 3C01FEEAD29823C01C4EEC27 /* CameraAnimationsManager.cpp */; };
		CE1B5BDD24D042028D398E8A /* ZoomBlurPass.cpp in Sources */ = {isa = PBXBuildFile; fileRef = CD95C3C0E19F75911F78ADC0 /* ZoomBlurPass.cpp */; };
		D2139DA5372087AD2FC99937 /* LedMapperApp.cpp in Sources */ = {isa = PBXBuildFile; fileRef = 83BE3476611B78EC70BCC238 /* LedMapperApp.cpp */; };
		DA22DA3A4F2E611DF50078F2 /* main.cpp in Sources */ = {isa = PBXBuildFile; fileRef = 6E3F47F486843AA062205007 /* main.cpp */; };
		DB05E98D002D6650AA23E87B /* TextVisual.cpp in Sources */ = {isa = PBXBuildFile; fileRef = 0227F9BE14631C9FE7CA55B1 /* TextVisual.cpp */; };
		DC16DA963E4E5873F0AE7C9E /* LightManager.cpp in Sources */ = {isa = PBXBuildFile; fileRef = 09F8F2DF1D53E65319F30B96 /* LightManager.cpp */; };
		DEBDF1F781CA34214BEBD185 /* RectangleVisual.cpp in Sources */ = {isa = PBXBuildFile; fileRef = 96ADFA6EE75BC1E2BEDC0EAE /* RectangleVisual.cpp */; };
		DF2764E1860DD2D324923A1D /* ofxDatGuiComponent.cpp in Sources */ = {isa = PBXBuildFile; fileRef = 2B7E328B97B36DC3EFCF35D9 /* ofxDatGuiComponent.cpp */; };
		E0A4FEE5EA64E2D22ECB8279 /* BleachBypassPass.cpp in Sources */ = {isa = PBXBuildFile; fileRef = 92E2F1C65C92E9DC31657311 /* BleachBypassPass.cpp */; };
		E23B9A2CD222C1969CC8B2BA /* icon-group-closed.png in Sources */ = {isa = PBXBuildFile; fileRef = 019853FDA6CE354F78D49494 /* icon-group-closed.png */; };
		E4328149138ABC9F0047C5CB /* openFrameworksDebug.a in Frameworks */ = {isa = PBXBuildFile; fileRef = E4328148138ABC890047C5CB /* openFrameworksDebug.a */; };
		E49699C1F3B736D5847985D8 /* license.txt in Sources */ = {isa = PBXBuildFile; fileRef = D5BBC200839D2DFA77CB6DDF /* license.txt */; };
		E66F471FC218F559192473CB /* VideoVisual.cpp in Sources */ = {isa = PBXBuildFile; fileRef = 478D509B2DE7CC0EC16A7E2A /* VideoVisual.cpp */; };
		EB2372CEF0C9D14317E0AC9F /* Led.cpp in Sources */ = {isa = PBXBuildFile; fileRef = 8817977EC402ECDACAF805F2 /* Led.cpp */; };
		EED88B9908EEF9CF82D2EA5D /* DofPass.cpp in Sources */ = {isa = PBXBuildFile; fileRef = 7538A75A68873EBF8ECAC997 /* DofPass.cpp */; };
		EF38AFCA0A32329E4AD294F1 /* readme.md in Sources */ = {isa = PBXBuildFile; fileRef = A8ADB297F7CC2187FA05FD60 /* readme.md */; };
		F112CEC8EC064BD6AD9E6FE2 /* PixelatePass.cpp in Sources */ = {isa = PBXBuildFile; fileRef = 9DA88F4D4E539D2DA4F9A22C /* PixelatePass.cpp */; };
		F21D9E004F4E33C8FEBB6BC8 /* FakeSSSPass.cpp in Sources */ = {isa = PBXBuildFile; fileRef = F9B62C30A256ED43F28F83FE /* FakeSSSPass.cpp */; };
		F6400F5A83A5662D5CF069BE /* KaleidoscopePass.cpp in Sources */ = {isa = PBXBuildFile; fileRef = 980FF97B776DAF19993E10E1 /* KaleidoscopePass.cpp */; };
		F7EA3801298F5E54967C119B /* ImageVisual3D.cpp in Sources */ = {isa = PBXBuildFile; fileRef = 3DD6F074B2A9C65331157B2C /* ImageVisual3D.cpp */; };
		FA0CB8B0BD676FCA764113AE /* ofxPSLevels.cpp in Sources */ = {isa = PBXBuildFile; fileRef = 6E3559A1B75EA9B41D28A410 /* ofxPSLevels.cpp */; };
/* End PBXBuildFile section */

/* Begin PBXContainerItemProxy section */
		E4328147138ABC890047C5CB /* PBXContainerItemProxy */ = {
			isa = PBXContainerItemProxy;
			containerPortal = E4328143138ABC890047C5CB /* openFrameworksLib.xcodeproj */;
			proxyType = 2;
			remoteGlobalIDString = E4B27C1510CBEB8E00536013;
			remoteInfo = openFrameworks;
		};
		E4EEB9AB138B136A00A80321 /* PBXContainerItemProxy */ = {
			isa = PBXContainerItemProxy;
			containerPortal = E4328143138ABC890047C5CB /* openFrameworksLib.xcodeproj */;
			proxyType = 1;
			remoteGlobalIDString = E4B27C1410CBEB8E00536013;
			remoteInfo = openFrameworks;
		};
/* End PBXContainerItemProxy section */

/* Begin PBXCopyFilesBuildPhase section */
		E4C2427710CC5ABF004149E2 /* CopyFiles */ = {
			isa = PBXCopyFilesBuildPhase;
			buildActionMask = 2147483647;
			dstPath = "";
			dstSubfolderSpec = 10;
			files = (
			);
			runOnlyForDeploymentPostprocessing = 0;
		};
/* End PBXCopyFilesBuildPhase section */

/* Begin PBXFileReference section */
		00CD0F2BF77CDF37C89F3E3D /* RGBShiftPass.h */ = {isa = PBXFileReference; explicitFileType = sourcecode.c.h; fileEncoding = 30; name = RGBShiftPass.h; path = src/Addons/ofxPostProcessing/src/RGBShiftPass.h; sourceTree = SOURCE_ROOT; };
		019853FDA6CE354F78D49494 /* icon-group-closed.png */ = {isa = PBXFileReference; explicitFileType = file; fileEncoding = 30; name = "icon-group-closed.png"; path = "src/Addons/ofxDatGui/ofxbraitsch/ofxdatgui/icon-group-closed.png"; sourceTree = SOURCE_ROOT; };
		0227F9BE14631C9FE7CA55B1 /* TextVisual.cpp */ = {isa = PBXFileReference; explicitFileType = sourcecode.cpp.cpp; fileEncoding = 30; name = TextVisual.cpp; path = src/Engine/Visuals/TextVisual.cpp; sourceTree = SOURCE_ROOT; };
		047205093F2A89DB544917A6 /* HsbShiftPass.h */ = {isa = PBXFileReference; explicitFileType = sourcecode.c.h; fileEncoding = 30; name = HsbShiftPass.h; path = src/Addons/ofxPostProcessing/src/HsbShiftPass.h; sourceTree = SOURCE_ROOT; };
		04E341BAF173644575D80ED3 /* ofxTextSuite.h */ = {isa = PBXFileReference; explicitFileType = sourcecode.c.h; fileEncoding = 30; name = ofxTextSuite.h; path = src/Addons/ofxTextSuite/src/ofxTextSuite.h; sourceTree = SOURCE_ROOT; };
		05B11A7F5D0BA7A59C78DDC4 /* ofxDatGuiControls.h */ = {isa = PBXFileReference; explicitFileType = sourcecode.c.h; fileEncoding = 30; name = ofxDatGuiControls.h; path = src/Addons/ofxDatGui/src/components/ofxDatGuiControls.h; sourceTree = SOURCE_ROOT; };
		0731597061D6181DB86681B1 /* ofxDatGuiSlider.h */ = {isa = PBXFileReference; explicitFileType = sourcecode.c.h; fileEncoding = 30; name = ofxDatGuiSlider.h; path = src/Addons/ofxDatGui/src/components/ofxDatGuiSlider.h; sourceTree = SOURCE_ROOT; };
		083990CA21188402001CC7AE /* UdpManager.h */ = {isa = PBXFileReference; fileEncoding = 4; lastKnownFileType = sourcecode.c.h; name = UdpManager.h; path = I0/UdpManager.h; sourceTree = "<group>"; };
		083990CB21188403001CC7AE /* UdpManager.cpp */ = {isa = PBXFileReference; fileEncoding = 4; lastKnownFileType = sourcecode.cpp.cpp; name = UdpManager.cpp; path = I0/UdpManager.cpp; sourceTree = "<group>"; };
		083990D22118895D001CC7AE /* ofxTCPClient.h */ = {isa = PBXFileReference; fileEncoding = 4; lastKnownFileType = sourcecode.c.h; name = ofxTCPClient.h; path = ../../../../../../../../Applications/of_v0.9.8_osx_release/addons/ofxNetwork/src/ofxTCPClient.h; sourceTree = "<group>"; };
		083990D32118895D001CC7AE /* ofxTCPClient.cpp */ = {isa = PBXFileReference; fileEncoding = 4; lastKnownFileType = sourcecode.cpp.cpp; name = ofxTCPClient.cpp; path = ../../../../../../../../Applications/of_v0.9.8_osx_release/addons/ofxNetwork/src/ofxTCPClient.cpp; sourceTree = "<group>"; };
		083990D42118895D001CC7AE /* ofxTCPServer.h */ = {isa = PBXFileReference; fileEncoding = 4; lastKnownFileType = sourcecode.c.h; name = ofxTCPServer.h; path = ../../../../../../../../Applications/of_v0.9.8_osx_release/addons/ofxNetwork/src/ofxTCPServer.h; sourceTree = "<group>"; };
		083990D52118895D001CC7AE /* ofxTCPManager.cpp */ = {isa = PBXFileReference; fileEncoding = 4; lastKnownFileType = sourcecode.cpp.cpp; name = ofxTCPManager.cpp; path = ../../../../../../../../Applications/of_v0.9.8_osx_release/addons/ofxNetwork/src/ofxTCPManager.cpp; sourceTree = "<group>"; };
		083990D62118895D001CC7AE /* ofxNetwork.h */ = {isa = PBXFileReference; fileEncoding = 4; lastKnownFileType = sourcecode.c.h; name = ofxNetwork.h; path = ../../../../../../../../Applications/of_v0.9.8_osx_release/addons/ofxNetwork/src/ofxNetwork.h; sourceTree = "<group>"; };
		083990D72118895D001CC7AE /* ofxTCPManager.h */ = {isa = PBXFileReference; fileEncoding = 4; lastKnownFileType = sourcecode.c.h; name = ofxTCPManager.h; path = ../../../../../../../../Applications/of_v0.9.8_osx_release/addons/ofxNetwork/src/ofxTCPManager.h; sourceTree = "<group>"; };
		083990D82118895D001CC7AE /* ofxTCPServer.cpp */ = {isa = PBXFileReference; fileEncoding = 4; lastKnownFileType = sourcecode.cpp.cpp; name = ofxTCPServer.cpp; path = ../../../../../../../../Applications/of_v0.9.8_osx_release/addons/ofxNetwork/src/ofxTCPServer.cpp; sourceTree = "<group>"; };
		083990D92118895D001CC7AE /* ofxNetworkUtils.h */ = {isa = PBXFileReference; fileEncoding = 4; lastKnownFileType = sourcecode.c.h; name = ofxNetworkUtils.h; path = ../../../../../../../../Applications/of_v0.9.8_osx_release/addons/ofxNetwork/src/ofxNetworkUtils.h; sourceTree = "<group>"; };
		083990DA2118895D001CC7AE /* ofxUDPManager.h */ = {isa = PBXFileReference; fileEncoding = 4; lastKnownFileType = sourcecode.c.h; name = ofxUDPManager.h; path = ../../../../../../../../Applications/of_v0.9.8_osx_release/addons/ofxNetwork/src/ofxUDPManager.h; sourceTree = "<group>"; };
		083990DB2118895D001CC7AE /* ofxUDPManager.cpp */ = {isa = PBXFileReference; fileEncoding = 4; lastKnownFileType = sourcecode.cpp.cpp; name = ofxUDPManager.cpp; path = ../../../../../../../../Applications/of_v0.9.8_osx_release/addons/ofxNetwork/src/ofxUDPManager.cpp; sourceTree = "<group>"; };
		08B297642118DEEA00B46CCB /* ofxMyIP.h */ = {isa = PBXFileReference; lastKnownFileType = sourcecode.c.h; name = ofxMyIP.h; path = Addons/ofxMyIP/src/ofxMyIP.h; sourceTree = "<group>"; };
		08B297672118DFF400B46CCB /* ofxSimpleTimer.h */ = {isa = PBXFileReference; fileEncoding = 4; lastKnownFileType = sourcecode.c.h; name = ofxSimpleTimer.h; path = Addons/ofxSimpleTimer/src/ofxSimpleTimer.h; sourceTree = "<group>"; };
		08B297682118DFF400B46CCB /* ofxSimpleTimer.cpp */ = {isa = PBXFileReference; fileEncoding = 4; lastKnownFileType = sourcecode.cpp.cpp; name = ofxSimpleTimer.cpp; path = Addons/ofxSimpleTimer/src/ofxSimpleTimer.cpp; sourceTree = "<group>"; };
		08F6603B211B422C00E6D734 /* myEasyCam.cpp */ = {isa = PBXFileReference; fileEncoding = 4; lastKnownFileType = sourcecode.cpp.cpp; name = myEasyCam.cpp; path = Visuals/myEasyCam.cpp; sourceTree = "<group>"; };
		08F6603C211B422C00E6D734 /* myEasyCam.h */ = {isa = PBXFileReference; fileEncoding = 4; lastKnownFileType = sourcecode.c.h; name = myEasyCam.h; path = Visuals/myEasyCam.h; sourceTree = "<group>"; };
		09BB1D7613A1F9D8E8B11D7A /* KeyboardManager.h */ = {isa = PBXFileReference; explicitFileType = sourcecode.c.h; fileEncoding = 30; name = KeyboardManager.h; path = src/I0/KeyboardManager.h; sourceTree = SOURCE_ROOT; };
		09F8F2DF1D53E65319F30B96 /* LightManager.cpp */ = {isa = PBXFileReference; explicitFileType = sourcecode.cpp.cpp; fileEncoding = 30; name = LightManager.cpp; path = src/Engine/3D/LightManager.cpp; sourceTree = SOURCE_ROOT; };
		11C490A0CA5771C60AE54B4B /* ImageVisual.h */ = {isa = PBXFileReference; explicitFileType = sourcecode.c.h; fileEncoding = 30; name = ImageVisual.h; path = src/Engine/Visuals/ImageVisual.h; sourceTree = SOURCE_ROOT; };
		1486C841BC2A30DB7CBC449C /* ofxTextBlock.cpp */ = {isa = PBXFileReference; explicitFileType = sourcecode.cpp.cpp; fileEncoding = 30; name = ofxTextBlock.cpp; path = src/Addons/ofxTextSuite/src/ofxTextBlock.cpp; sourceTree = SOURCE_ROOT; };
		16DB6BE691528929B0B76B4A /* EngineFont.h */ = {isa = PBXFileReference; explicitFileType = sourcecode.c.h; fileEncoding = 30; name = EngineFont.h; path = src/Engine/Tools/EngineFont.h; sourceTree = SOURCE_ROOT; };
		17CAE0163B7670B76C09C04A /* DofAltPass.cpp */ = {isa = PBXFileReference; explicitFileType = sourcecode.cpp.cpp; fileEncoding = 30; name = DofAltPass.cpp; path = src/Addons/ofxPostProcessing/src/DofAltPass.cpp; sourceTree = SOURCE_ROOT; };
		1CC59C0A3789CFDF9768EE4C /* EdgePass.h */ = {isa = PBXFileReference; explicitFileType = sourcecode.c.h; fileEncoding = 30; name = EdgePass.h; path = src/Addons/ofxPostProcessing/src/EdgePass.h; sourceTree = SOURCE_ROOT; };
		1D3FAE8E74B1FE8060E64EE2 /* FxaaPass.h */ = {isa = PBXFileReference; explicitFileType = sourcecode.c.h; fileEncoding = 30; name = FxaaPass.h; path = src/Addons/ofxPostProcessing/src/FxaaPass.h; sourceTree = SOURCE_ROOT; };
		1D561D10993BE07F5297841A /* ofxBlur.h */ = {isa = PBXFileReference; explicitFileType = sourcecode.c.h; fileEncoding = 30; name = ofxBlur.h; path = src/Addons/ofxBlur/src/ofxBlur.h; sourceTree = SOURCE_ROOT; };
		1D7B4D07648F9CB293716166 /* ImageVisual3D.h */ = {isa = PBXFileReference; explicitFileType = sourcecode.c.h; fileEncoding = 30; name = ImageVisual3D.h; path = src/Engine/Visuals/ImageVisual3D.h; sourceTree = SOURCE_ROOT; };
		25F16E22E030B952F91CEB14 /* RenderPass.h */ = {isa = PBXFileReference; explicitFileType = sourcecode.c.h; fileEncoding = 30; name = RenderPass.h; path = src/Addons/ofxPostProcessing/src/RenderPass.h; sourceTree = SOURCE_ROOT; };
		270B9F32AC131BBF45E6B021 /* BloomPass.cpp */ = {isa = PBXFileReference; explicitFileType = sourcecode.cpp.cpp; fileEncoding = 30; name = BloomPass.cpp; path = src/Addons/ofxPostProcessing/src/BloomPass.cpp; sourceTree = SOURCE_ROOT; };
		279FCE7B33276953D0BDBC56 /* ConvolutionPass.cpp */ = {isa = PBXFileReference; explicitFileType = sourcecode.cpp.cpp; fileEncoding = 30; name = ConvolutionPass.cpp; path = src/Addons/ofxPostProcessing/src/ConvolutionPass.cpp; sourceTree = SOURCE_ROOT; };
		28750EB1F29939E567A9840E /* ofxDatGuiIntObject.h */ = {isa = PBXFileReference; explicitFileType = sourcecode.c.h; fileEncoding = 30; name = ofxDatGuiIntObject.h; path = src/Addons/ofxDatGui/src/core/ofxDatGuiIntObject.h; sourceTree = SOURCE_ROOT; };
		2990685E1D17096D1F9B64CF /* VideoManager.cpp */ = {isa = PBXFileReference; explicitFileType = sourcecode.cpp.cpp; fileEncoding = 30; name = VideoManager.cpp; path = src/Visuals/VideoManager.cpp; sourceTree = SOURCE_ROOT; };
		2A2B7E7FDC1CFF4A547CC661 /* VisualEffects.h */ = {isa = PBXFileReference; explicitFileType = sourcecode.c.h; fileEncoding = 30; name = VisualEffects.h; path = src/Engine/Visuals/VisualEffects.h; sourceTree = SOURCE_ROOT; };
		2B7E328B97B36DC3EFCF35D9 /* ofxDatGuiComponent.cpp */ = {isa = PBXFileReference; explicitFileType = sourcecode.cpp.cpp; fileEncoding = 30; name = ofxDatGuiComponent.cpp; path = src/Addons/ofxDatGui/src/core/ofxDatGuiComponent.cpp; sourceTree = SOURCE_ROOT; };
		2C4030DB557CBDCD31BDF418 /* GuiTheme.h */ = {isa = PBXFileReference; explicitFileType = sourcecode.c.h; fileEncoding = 30; name = GuiTheme.h; path = src/Layout/GuiTheme.h; sourceTree = SOURCE_ROOT; };
		2CD8F947D89F5E5DC73C37FB /* PostProcessing.cpp */ = {isa = PBXFileReference; explicitFileType = sourcecode.cpp.cpp; fileEncoding = 30; name = PostProcessing.cpp; path = src/Addons/ofxPostProcessing/src/PostProcessing.cpp; sourceTree = SOURCE_ROOT; };
		3486E8F5DE7C2E67C1755543 /* picker-rainbow.png */ = {isa = PBXFileReference; explicitFileType = file; fileEncoding = 30; name = "picker-rainbow.png"; path = "src/Addons/ofxDatGui/ofxbraitsch/ofxdatgui/picker-rainbow.png"; sourceTree = SOURCE_ROOT; };
		3656BF3981C35A273806DCEB /* BasicVisual.h */ = {isa = PBXFileReference; explicitFileType = sourcecode.c.h; fileEncoding = 30; name = BasicVisual.h; path = src/Engine/Visuals/BasicVisual.h; sourceTree = SOURCE_ROOT; };
		39E51899797C321030D8DF13 /* ofxTextBlock.h */ = {isa = PBXFileReference; explicitFileType = sourcecode.c.h; fileEncoding = 30; name = ofxTextBlock.h; path = src/Addons/ofxTextSuite/src/ofxTextBlock.h; sourceTree = SOURCE_ROOT; };
		3A260C79069FA7DEF9728CEC /* KeyboardManager.cpp */ = {isa = PBXFileReference; explicitFileType = sourcecode.cpp.cpp; fileEncoding = 30; name = KeyboardManager.cpp; path = src/I0/KeyboardManager.cpp; sourceTree = SOURCE_ROOT; };
		3C01FEEAD29823C01C4EEC27 /* CameraAnimationsManager.cpp */ = {isa = PBXFileReference; explicitFileType = sourcecode.cpp.cpp; fileEncoding = 30; name = CameraAnimationsManager.cpp; path = src/Engine/3D/CameraAnimationsManager.cpp; sourceTree = SOURCE_ROOT; };
		3DD6F074B2A9C65331157B2C /* ImageVisual3D.cpp */ = {isa = PBXFileReference; explicitFileType = sourcecode.cpp.cpp; fileEncoding = 30; name = ImageVisual3D.cpp; path = src/Engine/Visuals/ImageVisual3D.cpp; sourceTree = SOURCE_ROOT; };
		404BD01D94515880BDB3BB31 /* HorizontalTiltShifPass.cpp */ = {isa = PBXFileReference; explicitFileType = sourcecode.cpp.cpp; fileEncoding = 30; name = HorizontalTiltShifPass.cpp; path = src/Addons/ofxPostProcessing/src/HorizontalTiltShifPass.cpp; sourceTree = SOURCE_ROOT; };
		41669C415AE6E1805319DE64 /* ofxDatGuiTextInputField.h */ = {isa = PBXFileReference; explicitFileType = sourcecode.c.h; fileEncoding = 30; name = ofxDatGuiTextInputField.h; path = src/Addons/ofxDatGui/src/components/ofxDatGuiTextInputField.h; sourceTree = SOURCE_ROOT; };
		4200D36803B7AF1358A6C072 /* ofxDatGuiTheme.h */ = {isa = PBXFileReference; explicitFileType = sourcecode.c.h; fileEncoding = 30; name = ofxDatGuiTheme.h; path = src/Addons/ofxDatGui/src/themes/ofxDatGuiTheme.h; sourceTree = SOURCE_ROOT; };
		4229475864D5EBC7913C8351 /* LayoutManager.cpp */ = {isa = PBXFileReference; explicitFileType = sourcecode.cpp.cpp; fileEncoding = 30; name = LayoutManager.cpp; path = src/Layout/LayoutManager.cpp; sourceTree = SOURCE_ROOT; };
		4552E4232E14435861587309 /* PostProcessing.h */ = {isa = PBXFileReference; explicitFileType = sourcecode.c.h; fileEncoding = 30; name = PostProcessing.h; path = src/Addons/ofxPostProcessing/src/PostProcessing.h; sourceTree = SOURCE_ROOT; };
		478D509B2DE7CC0EC16A7E2A /* VideoVisual.cpp */ = {isa = PBXFileReference; explicitFileType = sourcecode.cpp.cpp; fileEncoding = 30; name = VideoVisual.cpp; path = src/Engine/Visuals/VideoVisual.cpp; sourceTree = SOURCE_ROOT; };
		4907E8B0250B798D3E6F09A1 /* GuiManager.cpp */ = {isa = PBXFileReference; explicitFileType = sourcecode.cpp.cpp; fileEncoding = 30; name = GuiManager.cpp; path = src/Layout/GuiManager.cpp; sourceTree = SOURCE_ROOT; };
		496FB8BB67BF37BF8B96AD33 /* SettingsManager.h */ = {isa = PBXFileReference; explicitFileType = sourcecode.c.h; fileEncoding = 30; name = SettingsManager.h; path = src/Main/SettingsManager.h; sourceTree = SOURCE_ROOT; };
		4AF05E71CA0008D603287549 /* GodRaysPass.h */ = {isa = PBXFileReference; explicitFileType = sourcecode.c.h; fileEncoding = 30; name = GodRaysPass.h; path = src/Addons/ofxPostProcessing/src/GodRaysPass.h; sourceTree = SOURCE_ROOT; };
		4C24B2C372E7EE6C3EDCE881 /* VideoVisual.h */ = {isa = PBXFileReference; explicitFileType = sourcecode.c.h; fileEncoding = 30; name = VideoVisual.h; path = src/Engine/Visuals/VideoVisual.h; sourceTree = SOURCE_ROOT; };
		4F661FE0411AA0AC01E34CB7 /* ImageVisual.cpp */ = {isa = PBXFileReference; explicitFileType = sourcecode.cpp.cpp; fileEncoding = 30; name = ImageVisual.cpp; path = src/Engine/Visuals/ImageVisual.cpp; sourceTree = SOURCE_ROOT; };
		4FE37A31C904F445222B25FC /* ViewManager.cpp */ = {isa = PBXFileReference; explicitFileType = sourcecode.cpp.cpp; fileEncoding = 30; name = ViewManager.cpp; path = src/Engine/Visuals/ViewManager.cpp; sourceTree = SOURCE_ROOT; };
		5056FC61E30B9810903B814D /* AppManager.cpp */ = {isa = PBXFileReference; explicitFileType = sourcecode.cpp.cpp; fileEncoding = 30; name = AppManager.cpp; path = src/Main/AppManager.cpp; sourceTree = SOURCE_ROOT; };
		53739A80780BD4355F09B5A6 /* ofxBlur.cpp */ = {isa = PBXFileReference; explicitFileType = sourcecode.cpp.cpp; fileEncoding = 30; name = ofxBlur.cpp; path = src/Addons/ofxBlur/src/ofxBlur.cpp; sourceTree = SOURCE_ROOT; };
		550AF6E0E7E2FE9B5FD68BC6 /* ofxDatGuiConstants.h */ = {isa = PBXFileReference; explicitFileType = sourcecode.c.h; fileEncoding = 30; name = ofxDatGuiConstants.h; path = src/Addons/ofxDatGui/src/core/ofxDatGuiConstants.h; sourceTree = SOURCE_ROOT; };
		555A33C9EE56F75A4B5CCA52 /* ofxDatGui.h */ = {isa = PBXFileReference; explicitFileType = sourcecode.c.h; fileEncoding = 30; name = ofxDatGui.h; path = src/Addons/ofxDatGui/src/ofxDatGui.h; sourceTree = SOURCE_ROOT; };
		573E12A8F90DB6A67AB58A2C /* ofxDatGuiFRM.h */ = {isa = PBXFileReference; explicitFileType = sourcecode.c.h; fileEncoding = 30; name = ofxDatGuiFRM.h; path = src/Addons/ofxDatGui/src/components/ofxDatGuiFRM.h; sourceTree = SOURCE_ROOT; };
		5830AA7CE7ED683E07AB0677 /* HorizontalTiltShifPass.h */ = {isa = PBXFileReference; explicitFileType = sourcecode.c.h; fileEncoding = 30; name = HorizontalTiltShifPass.h; path = src/Addons/ofxPostProcessing/src/HorizontalTiltShifPass.h; sourceTree = SOURCE_ROOT; };
		59AD73639CD22E93AEDDE155 /* ofxPostProcessing.h */ = {isa = PBXFileReference; explicitFileType = sourcecode.c.h; fileEncoding = 30; name = ofxPostProcessing.h; path = src/Addons/ofxPostProcessing/src/ofxPostProcessing.h; sourceTree = SOURCE_ROOT; };
		5BD8773A783AE9C3F4EB4D32 /* roadmap.md */ = {isa = PBXFileReference; explicitFileType = file; fileEncoding = 30; name = roadmap.md; path = src/Addons/ofxDatGui/roadmap.md; sourceTree = SOURCE_ROOT; };
		5FA64D51DA6D1619944A259C /* ResourceManager.cpp */ = {isa = PBXFileReference; explicitFileType = sourcecode.cpp.cpp; fileEncoding = 30; name = ResourceManager.cpp; path = src/Engine/Resources/ResourceManager.cpp; sourceTree = SOURCE_ROOT; };
		61A8280FBC6E32918DC1EC70 /* ofxPSLevels.h */ = {isa = PBXFileReference; explicitFileType = sourcecode.c.h; fileEncoding = 30; name = ofxPSLevels.h; path = src/Addons/ofxPSLevels/src/ofxPSLevels.h; sourceTree = SOURCE_ROOT; };
		63946788F06FDE10D90614A3 /* Verdana.ttf */ = {isa = PBXFileReference; explicitFileType = file; fileEncoding = 30; name = Verdana.ttf; path = src/Addons/ofxDatGui/ofxbraitsch/fonts/Verdana.ttf; sourceTree = SOURCE_ROOT; };
		67EDBB787A2D6F21FFDD4446 /* VideoManager.h */ = {isa = PBXFileReference; explicitFileType = sourcecode.c.h; fileEncoding = 30; name = VideoManager.h; path = src/Visuals/VideoManager.h; sourceTree = SOURCE_ROOT; };
		682CD55D28B06CEDCFD63D68 /* CameraManager.h */ = {isa = PBXFileReference; explicitFileType = sourcecode.c.h; fileEncoding = 30; name = CameraManager.h; path = src/Engine/3D/CameraManager.h; sourceTree = SOURCE_ROOT; };
		68A02C9D01ED911C09E9874B /* ViewManager.h */ = {isa = PBXFileReference; explicitFileType = sourcecode.c.h; fileEncoding = 30; name = ViewManager.h; path = src/Engine/Visuals/ViewManager.h; sourceTree = SOURCE_ROOT; };
		6E3559A1B75EA9B41D28A410 /* ofxPSLevels.cpp */ = {isa = PBXFileReference; explicitFileType = sourcecode.cpp.cpp; fileEncoding = 30; name = ofxPSLevels.cpp; path = src/Addons/ofxPSLevels/src/ofxPSLevels.cpp; sourceTree = SOURCE_ROOT; };
		6E3F47F486843AA062205007 /* main.cpp */ = {isa = PBXFileReference; explicitFileType = sourcecode.cpp.cpp; fileEncoding = 30; name = main.cpp; path = src/Main/main.cpp; sourceTree = SOURCE_ROOT; };
		71EF984EC44E239BE26DBB24 /* EngineFont.cpp */ = {isa = PBXFileReference; explicitFileType = sourcecode.cpp.cpp; fileEncoding = 30; name = EngineFont.cpp; path = src/Engine/Tools/EngineFont.cpp; sourceTree = SOURCE_ROOT; };
		722049980C93C8539A9F187D /* NoiseWarpPass.h */ = {isa = PBXFileReference; explicitFileType = sourcecode.c.h; fileEncoding = 30; name = NoiseWarpPass.h; path = src/Addons/ofxPostProcessing/src/NoiseWarpPass.h; sourceTree = SOURCE_ROOT; };
		73D7AA4CF4895FC3DEEC2978 /* SettingsManager.cpp */ = {isa = PBXFileReference; explicitFileType = sourcecode.cpp.cpp; fileEncoding = 30; name = SettingsManager.cpp; path = src/Main/SettingsManager.cpp; sourceTree = SOURCE_ROOT; };
		73FB1B3F9EE133589ABF61AF /* ofxDatGuiScrollView.h */ = {isa = PBXFileReference; explicitFileType = sourcecode.c.h; fileEncoding = 30; name = ofxDatGuiScrollView.h; path = src/Addons/ofxDatGui/src/components/ofxDatGuiScrollView.h; sourceTree = SOURCE_ROOT; };
		74D32EE8DF638ACA80358972 /* readme.md */ = {isa = PBXFileReference; explicitFileType = file; fileEncoding = 30; name = readme.md; path = src/Addons/ofxDatGui/readme.md; sourceTree = SOURCE_ROOT; };
		74ED8CF225B8CA21FB8D5518 /* ofxDatGuiColorPicker.h */ = {isa = PBXFileReference; explicitFileType = sourcecode.c.h; fileEncoding = 30; name = ofxDatGuiColorPicker.h; path = src/Addons/ofxDatGui/src/components/ofxDatGuiColorPicker.h; sourceTree = SOURCE_ROOT; };
		7538A75A68873EBF8ECAC997 /* DofPass.cpp */ = {isa = PBXFileReference; explicitFileType = sourcecode.cpp.cpp; fileEncoding = 30; name = DofPass.cpp; path = src/Addons/ofxPostProcessing/src/DofPass.cpp; sourceTree = SOURCE_ROOT; };
		78E61E440A21EE9FC6156AAD /* LayoutManager.h */ = {isa = PBXFileReference; explicitFileType = sourcecode.c.h; fileEncoding = 30; name = LayoutManager.h; path = src/Layout/LayoutManager.h; sourceTree = SOURCE_ROOT; };
		78F843EC6871D04D7C88AE25 /* DofAltPass.h */ = {isa = PBXFileReference; explicitFileType = sourcecode.c.h; fileEncoding = 30; name = DofAltPass.h; path = src/Addons/ofxPostProcessing/src/DofAltPass.h; sourceTree = SOURCE_ROOT; };
		7A56ACB5C0BD905E0E896431 /* LedsManager.h */ = {isa = PBXFileReference; explicitFileType = sourcecode.c.h; fileEncoding = 30; name = LedsManager.h; path = src/Leds/LedsManager.h; sourceTree = SOURCE_ROOT; };
		7C276A6F0FF11D85F661482E /* ofxDatGuiTimeGraph.h */ = {isa = PBXFileReference; explicitFileType = sourcecode.c.h; fileEncoding = 30; name = ofxDatGuiTimeGraph.h; path = src/Addons/ofxDatGui/src/components/ofxDatGuiTimeGraph.h; sourceTree = SOURCE_ROOT; };
		7DD73A59B148E0587BD69D06 /* LimbDarkeningPass.cpp */ = {isa = PBXFileReference; explicitFileType = sourcecode.cpp.cpp; fileEncoding = 30; name = LimbDarkeningPass.cpp; path = src/Addons/ofxPostProcessing/src/LimbDarkeningPass.cpp; sourceTree = SOURCE_ROOT; };
		83BE3476611B78EC70BCC238 /* LedMapperApp.cpp */ = {isa = PBXFileReference; explicitFileType = sourcecode.cpp.cpp; fileEncoding = 30; name = LedMapperApp.cpp; path = src/Main/LedMapperApp.cpp; sourceTree = SOURCE_ROOT; };
		8729A2323014D158DBFC5AD8 /* ImageManager.h */ = {isa = PBXFileReference; explicitFileType = sourcecode.c.h; fileEncoding = 30; name = ImageManager.h; path = src/Visuals/ImageManager.h; sourceTree = SOURCE_ROOT; };
		8817977EC402ECDACAF805F2 /* Led.cpp */ = {isa = PBXFileReference; explicitFileType = sourcecode.cpp.cpp; fileEncoding = 30; name = Led.cpp; path = src/Leds/Led.cpp; sourceTree = SOURCE_ROOT; };
		890DA7ABE3806B4834CCE555 /* ofxDatGuiMatrix.h */ = {isa = PBXFileReference; explicitFileType = sourcecode.c.h; fileEncoding = 30; name = ofxDatGuiMatrix.h; path = src/Addons/ofxDatGui/src/components/ofxDatGuiMatrix.h; sourceTree = SOURCE_ROOT; };
		89DFBB918E3BCAFB0C93CAF3 /* CameraManager.cpp */ = {isa = PBXFileReference; explicitFileType = sourcecode.cpp.cpp; fileEncoding = 30; name = CameraManager.cpp; path = src/Engine/3D/CameraManager.cpp; sourceTree = SOURCE_ROOT; };
		8B31FB9CC6C64A602BA945BC /* ofxDatGuiEvents.h */ = {isa = PBXFileReference; explicitFileType = sourcecode.c.h; fileEncoding = 30; name = ofxDatGuiEvents.h; path = src/Addons/ofxDatGui/src/core/ofxDatGuiEvents.h; sourceTree = SOURCE_ROOT; };
		900557F8C063B79E5B20D93A /* ZoomBlurPass.h */ = {isa = PBXFileReference; explicitFileType = sourcecode.c.h; fileEncoding = 30; name = ZoomBlurPass.h; path = src/Addons/ofxPostProcessing/src/ZoomBlurPass.h; sourceTree = SOURCE_ROOT; };
		9265A903B04A971D3E1F93BA /* ToonPass.cpp */ = {isa = PBXFileReference; explicitFileType = sourcecode.cpp.cpp; fileEncoding = 30; name = ToonPass.cpp; path = src/Addons/ofxPostProcessing/src/ToonPass.cpp; sourceTree = SOURCE_ROOT; };
		92E2F1C65C92E9DC31657311 /* BleachBypassPass.cpp */ = {isa = PBXFileReference; explicitFileType = sourcecode.cpp.cpp; fileEncoding = 30; name = BleachBypassPass.cpp; path = src/Addons/ofxPostProcessing/src/BleachBypassPass.cpp; sourceTree = SOURCE_ROOT; };
		93499D1D432C38D9D1CBF78A /* SSAOPass.h */ = {isa = PBXFileReference; explicitFileType = sourcecode.c.h; fileEncoding = 30; name = SSAOPass.h; path = src/Addons/ofxPostProcessing/src/SSAOPass.h; sourceTree = SOURCE_ROOT; };
		94F46A4EE3FBEFA53FE0B117 /* ofxDatGuiGroups.h */ = {isa = PBXFileReference; explicitFileType = sourcecode.c.h; fileEncoding = 30; name = ofxDatGuiGroups.h; path = src/Addons/ofxDatGui/src/components/ofxDatGuiGroups.h; sourceTree = SOURCE_ROOT; };
		96ADFA6EE75BC1E2BEDC0EAE /* RectangleVisual.cpp */ = {isa = PBXFileReference; explicitFileType = sourcecode.cpp.cpp; fileEncoding = 30; name = RectangleVisual.cpp; path = src/Engine/Visuals/RectangleVisual.cpp; sourceTree = SOURCE_ROOT; };
		980FF97B776DAF19993E10E1 /* KaleidoscopePass.cpp */ = {isa = PBXFileReference; explicitFileType = sourcecode.cpp.cpp; fileEncoding = 30; name = KaleidoscopePass.cpp; path = src/Addons/ofxPostProcessing/src/KaleidoscopePass.cpp; sourceTree = SOURCE_ROOT; };
		982A57D9244589538FD3E53D /* ofxDatGuiLabel.h */ = {isa = PBXFileReference; explicitFileType = sourcecode.c.h; fileEncoding = 30; name = ofxDatGuiLabel.h; path = src/Addons/ofxDatGui/src/components/ofxDatGuiLabel.h; sourceTree = SOURCE_ROOT; };
		987285FD80440F6AD5E3ACE7 /* ofxDatGuiButton.h */ = {isa = PBXFileReference; explicitFileType = sourcecode.c.h; fileEncoding = 30; name = ofxDatGuiButton.h; path = src/Addons/ofxDatGui/src/components/ofxDatGuiButton.h; sourceTree = SOURCE_ROOT; };
		9A0E195E4D3AE277D298CD77 /* RimHighlightingPass.cpp */ = {isa = PBXFileReference; explicitFileType = sourcecode.cpp.cpp; fileEncoding = 30; name = RimHighlightingPass.cpp; path = src/Addons/ofxPostProcessing/src/RimHighlightingPass.cpp; sourceTree = SOURCE_ROOT; };
		9A41D072889FC9C8F4082F5C /* CameraAnimationsManager.h */ = {isa = PBXFileReference; explicitFileType = sourcecode.c.h; fileEncoding = 30; name = CameraAnimationsManager.h; path = src/Engine/3D/CameraAnimationsManager.h; sourceTree = SOURCE_ROOT; };
		9C67249D70841A7148965565 /* TextVisual.h */ = {isa = PBXFileReference; explicitFileType = sourcecode.c.h; fileEncoding = 30; name = TextVisual.h; path = src/Engine/Visuals/TextVisual.h; sourceTree = SOURCE_ROOT; };
		9DA88F4D4E539D2DA4F9A22C /* PixelatePass.cpp */ = {isa = PBXFileReference; explicitFileType = sourcecode.cpp.cpp; fileEncoding = 30; name = PixelatePass.cpp; path = src/Addons/ofxPostProcessing/src/PixelatePass.cpp; sourceTree = SOURCE_ROOT; };
		A01E3068BFA24F657DF38672 /* icon-group-open.png */ = {isa = PBXFileReference; explicitFileType = file; fileEncoding = 30; name = "icon-group-open.png"; path = "src/Addons/ofxDatGui/ofxbraitsch/ofxdatgui/icon-group-open.png"; sourceTree = SOURCE_ROOT; };
		A05F1DCF8180DEEC9FBAE585 /* CameraAnimations.cpp */ = {isa = PBXFileReference; explicitFileType = sourcecode.cpp.cpp; fileEncoding = 30; name = CameraAnimations.cpp; path = src/Engine/3D/CameraAnimations.cpp; sourceTree = SOURCE_ROOT; };
		A29639DFC905F9941E01F8A6 /* icon-radio-on.png */ = {isa = PBXFileReference; explicitFileType = file; fileEncoding = 30; name = "icon-radio-on.png"; path = "src/Addons/ofxDatGui/ofxbraitsch/ofxdatgui/icon-radio-on.png"; sourceTree = SOURCE_ROOT; };
		A505257A3D327FF0548919A4 /* ofxDatGui2dPad.h */ = {isa = PBXFileReference; explicitFileType = sourcecode.c.h; fileEncoding = 30; name = ofxDatGui2dPad.h; path = src/Addons/ofxDatGui/src/components/ofxDatGui2dPad.h; sourceTree = SOURCE_ROOT; };
		A8ADB297F7CC2187FA05FD60 /* readme.md */ = {isa = PBXFileReference; explicitFileType = file; fileEncoding = 30; name = readme.md; path = src/Addons/ofxPSLevels/readme.md; sourceTree = SOURCE_ROOT; };
		A98216C751C10688EE34C249 /* DofPass.h */ = {isa = PBXFileReference; explicitFileType = sourcecode.c.h; fileEncoding = 30; name = DofPass.h; path = src/Addons/ofxPostProcessing/src/DofPass.h; sourceTree = SOURCE_ROOT; };
		A9EC65E7BAAEF0AD0F0F3A8F /* ContrastPass.cpp */ = {isa = PBXFileReference; explicitFileType = sourcecode.cpp.cpp; fileEncoding = 30; name = ContrastPass.cpp; path = src/Addons/ofxPostProcessing/src/ContrastPass.cpp; sourceTree = SOURCE_ROOT; };
		ADC9CE1A1D2C99F170984832 /* Led.h */ = {isa = PBXFileReference; explicitFileType = sourcecode.c.h; fileEncoding = 30; name = Led.h; path = src/Leds/Led.h; sourceTree = SOURCE_ROOT; };
		AE9EA26E2A646CE843DEEB1E /* ofxSmartFont.cpp */ = {isa = PBXFileReference; explicitFileType = sourcecode.cpp.cpp; fileEncoding = 30; name = ofxSmartFont.cpp; path = src/Addons/ofxDatGui/src/libs/ofxSmartFont/ofxSmartFont.cpp; sourceTree = SOURCE_ROOT; };
		B15FEA314C3E80EFA3D0832E /* ConvolutionPass.h */ = {isa = PBXFileReference; explicitFileType = sourcecode.c.h; fileEncoding = 30; name = ConvolutionPass.h; path = src/Addons/ofxPostProcessing/src/ConvolutionPass.h; sourceTree = SOURCE_ROOT; };
		B284289F7629965C5BE8066C /* ContrastPass.h */ = {isa = PBXFileReference; explicitFileType = sourcecode.c.h; fileEncoding = 30; name = ContrastPass.h; path = src/Addons/ofxPostProcessing/src/ContrastPass.h; sourceTree = SOURCE_ROOT; };
		B43BB120107E3121BA75E435 /* RimHighlightingPass.h */ = {isa = PBXFileReference; explicitFileType = sourcecode.c.h; fileEncoding = 30; name = RimHighlightingPass.h; path = src/Addons/ofxPostProcessing/src/RimHighlightingPass.h; sourceTree = SOURCE_ROOT; };
		B4C368B9ED6096766223AD3C /* RenderPass.cpp */ = {isa = PBXFileReference; explicitFileType = sourcecode.cpp.cpp; fileEncoding = 30; name = RenderPass.cpp; path = src/Addons/ofxPostProcessing/src/RenderPass.cpp; sourceTree = SOURCE_ROOT; };
		B502E6A77816596CB459E0C2 /* VerticalTiltShifPass.h */ = {isa = PBXFileReference; explicitFileType = sourcecode.c.h; fileEncoding = 30; name = VerticalTiltShifPass.h; path = src/Addons/ofxPostProcessing/src/VerticalTiltShifPass.h; sourceTree = SOURCE_ROOT; };
		B5D3E3DBCF9C9E351AA85AD5 /* readme.md */ = {isa = PBXFileReference; explicitFileType = file; fileEncoding = 30; name = readme.md; path = src/Addons/ofxBlur/readme.md; sourceTree = SOURCE_ROOT; };
		B75584AF4ADE4F6E8297B5DC /* ofxDatGuiTextInput.h */ = {isa = PBXFileReference; explicitFileType = sourcecode.c.h; fileEncoding = 30; name = ofxDatGuiTextInput.h; path = src/Addons/ofxDatGui/src/components/ofxDatGuiTextInput.h; sourceTree = SOURCE_ROOT; };
		B760404F70BCA4B5A0A352DC /* ToonPass.h */ = {isa = PBXFileReference; explicitFileType = sourcecode.c.h; fileEncoding = 30; name = ToonPass.h; path = src/Addons/ofxPostProcessing/src/ToonPass.h; sourceTree = SOURCE_ROOT; };
		BC947B31560AD911AA339B5E /* ofxDatGuiThemes.h */ = {isa = PBXFileReference; explicitFileType = sourcecode.c.h; fileEncoding = 30; name = ofxDatGuiThemes.h; path = src/Addons/ofxDatGui/src/themes/ofxDatGuiThemes.h; sourceTree = SOURCE_ROOT; };
		BCCDDC884835D8E0D60C9A94 /* VisualEffectsManager.h */ = {isa = PBXFileReference; explicitFileType = sourcecode.c.h; fileEncoding = 30; name = VisualEffectsManager.h; path = src/Engine/Visuals/VisualEffectsManager.h; sourceTree = SOURCE_ROOT; };
		BD29F0E629B25FED15FB283C /* FakeSSSPass.h */ = {isa = PBXFileReference; explicitFileType = sourcecode.c.h; fileEncoding = 30; name = FakeSSSPass.h; path = src/Addons/ofxPostProcessing/src/FakeSSSPass.h; sourceTree = SOURCE_ROOT; };
		BE0668E329C36ABF51EA9D18 /* LedMapperApp.h */ = {isa = PBXFileReference; explicitFileType = sourcecode.c.h; fileEncoding = 30; name = LedMapperApp.h; path = src/Main/LedMapperApp.h; sourceTree = SOURCE_ROOT; };
		BE19FA45FB564FF3B31F7717 /* GodRaysPass.cpp */ = {isa = PBXFileReference; explicitFileType = sourcecode.cpp.cpp; fileEncoding = 30; name = GodRaysPass.cpp; path = src/Addons/ofxPostProcessing/src/GodRaysPass.cpp; sourceTree = SOURCE_ROOT; };
		BEDDA11B665FA62A298B7C39 /* VisualEffectsManager.cpp */ = {isa = PBXFileReference; explicitFileType = sourcecode.cpp.cpp; fileEncoding = 30; name = VisualEffectsManager.cpp; path = src/Engine/Visuals/VisualEffectsManager.cpp; sourceTree = SOURCE_ROOT; };
		C0F6AA6127A74AA83307DF4A /* KaleidoscopePass.h */ = {isa = PBXFileReference; explicitFileType = sourcecode.c.h; fileEncoding = 30; name = KaleidoscopePass.h; path = src/Addons/ofxPostProcessing/src/KaleidoscopePass.h; sourceTree = SOURCE_ROOT; };
		C54361CF83B4E9B8335D8C53 /* NoiseWarpPass.cpp */ = {isa = PBXFileReference; explicitFileType = sourcecode.cpp.cpp; fileEncoding = 30; name = NoiseWarpPass.cpp; path = src/Addons/ofxPostProcessing/src/NoiseWarpPass.cpp; sourceTree = SOURCE_ROOT; };
		C5B2FDB91DADF7FAA8F0E58C /* ImageManager.cpp */ = {isa = PBXFileReference; explicitFileType = sourcecode.cpp.cpp; fileEncoding = 30; name = ImageManager.cpp; path = src/Visuals/ImageManager.cpp; sourceTree = SOURCE_ROOT; };
		C5B3235BAAE16184979CCE55 /* LUTPass.cpp */ = {isa = PBXFileReference; explicitFileType = sourcecode.cpp.cpp; fileEncoding = 30; name = LUTPass.cpp; path = src/Addons/ofxPostProcessing/src/LUTPass.cpp; sourceTree = SOURCE_ROOT; };
		C5C37E57854B9B32B29B03F0 /* RGBShiftPass.cpp */ = {isa = PBXFileReference; explicitFileType = sourcecode.cpp.cpp; fileEncoding = 30; name = RGBShiftPass.cpp; path = src/Addons/ofxPostProcessing/src/RGBShiftPass.cpp; sourceTree = SOURCE_ROOT; };
		CADBB04C1BDAB188E57F15AC /* ModelManager.h */ = {isa = PBXFileReference; explicitFileType = sourcecode.c.h; fileEncoding = 30; name = ModelManager.h; path = src/Leds/ModelManager.h; sourceTree = SOURCE_ROOT; };
		CD95C3C0E19F75911F78ADC0 /* ZoomBlurPass.cpp */ = {isa = PBXFileReference; explicitFileType = sourcecode.cpp.cpp; fileEncoding = 30; name = ZoomBlurPass.cpp; path = src/Addons/ofxPostProcessing/src/ZoomBlurPass.cpp; sourceTree = SOURCE_ROOT; };
		D26C09D837E4FD6CBDBE2B8C /* AppManager.h */ = {isa = PBXFileReference; explicitFileType = sourcecode.c.h; fileEncoding = 30; name = AppManager.h; path = src/Main/AppManager.h; sourceTree = SOURCE_ROOT; };
		D2A2BE33BFF330BDC05A7FC5 /* managers.h */ = {isa = PBXFileReference; explicitFileType = sourcecode.c.h; fileEncoding = 30; name = managers.h; path = src/Main/managers.h; sourceTree = SOURCE_ROOT; };
		D2DF57F5E3F9DE9A45D7F683 /* PixelatePass.h */ = {isa = PBXFileReference; explicitFileType = sourcecode.c.h; fileEncoding = 30; name = PixelatePass.h; path = src/Addons/ofxPostProcessing/src/PixelatePass.h; sourceTree = SOURCE_ROOT; };
		D35FE818DAD79E0110A02D56 /* history.md */ = {isa = PBXFileReference; explicitFileType = file; fileEncoding = 30; name = history.md; path = src/Addons/ofxDatGui/history.md; sourceTree = SOURCE_ROOT; };
		D365C9B76CE3DABDC9D7D18F /* BleachBypassPass.h */ = {isa = PBXFileReference; explicitFileType = sourcecode.c.h; fileEncoding = 30; name = BleachBypassPass.h; path = src/Addons/ofxPostProcessing/src/BleachBypassPass.h; sourceTree = SOURCE_ROOT; };
		D5BBC200839D2DFA77CB6DDF /* license.txt */ = {isa = PBXFileReference; explicitFileType = file; fileEncoding = 30; name = license.txt; path = src/Addons/ofxDatGui/license.txt; sourceTree = SOURCE_ROOT; };
		D8CAEC73346F19D366F0F70E /* EdgePass.cpp */ = {isa = PBXFileReference; explicitFileType = sourcecode.cpp.cpp; fileEncoding = 30; name = EdgePass.cpp; path = src/Addons/ofxPostProcessing/src/EdgePass.cpp; sourceTree = SOURCE_ROOT; };
		DA2BEEEFB535A7D4C2159448 /* LightManager.h */ = {isa = PBXFileReference; explicitFileType = sourcecode.c.h; fileEncoding = 30; name = LightManager.h; path = src/Engine/3D/LightManager.h; sourceTree = SOURCE_ROOT; };
		DCAC9FD717E304DDEDDEA3A6 /* SSAOPass.cpp */ = {isa = PBXFileReference; explicitFileType = sourcecode.cpp.cpp; fileEncoding = 30; name = SSAOPass.cpp; path = src/Addons/ofxPostProcessing/src/SSAOPass.cpp; sourceTree = SOURCE_ROOT; };
		DCB9CB9C1093718FA5F131FA /* VisualEffects.cpp */ = {isa = PBXFileReference; explicitFileType = sourcecode.cpp.cpp; fileEncoding = 30; name = VisualEffects.cpp; path = src/Engine/Visuals/VisualEffects.cpp; sourceTree = SOURCE_ROOT; };
		DD70B2772EF33404053225B4 /* RectangleVisual.h */ = {isa = PBXFileReference; explicitFileType = sourcecode.c.h; fileEncoding = 30; name = RectangleVisual.h; path = src/Engine/Visuals/RectangleVisual.h; sourceTree = SOURCE_ROOT; };
		E22A688927374F27EC795E58 /* HsbShiftPass.cpp */ = {isa = PBXFileReference; explicitFileType = sourcecode.cpp.cpp; fileEncoding = 30; name = HsbShiftPass.cpp; path = src/Addons/ofxPostProcessing/src/HsbShiftPass.cpp; sourceTree = SOURCE_ROOT; };
		E4328143138ABC890047C5CB /* openFrameworksLib.xcodeproj */ = {isa = PBXFileReference; lastKnownFileType = "wrapper.pb-project"; name = openFrameworksLib.xcodeproj; path = ../../../../../../../../Applications/of_v0.9.8_osx_release/libs/openFrameworksCompiled/project/osx/openFrameworksLib.xcodeproj; sourceTree = SOURCE_ROOT; };
		E4B69B5B0A3A1756003C02F2 /* LedMapperAppDebug.app */ = {isa = PBXFileReference; explicitFileType = wrapper.application; includeInIndex = 0; path = LedMapperAppDebug.app; sourceTree = BUILT_PRODUCTS_DIR; };
		E4B6FCAD0C3E899E008CF71C /* openFrameworks-Info.plist */ = {isa = PBXFileReference; fileEncoding = 30; lastKnownFileType = text.plist.xml; path = "openFrameworks-Info.plist"; sourceTree = "<group>"; };
		E4EB691F138AFCF100A09F29 /* CoreOF.xcconfig */ = {isa = PBXFileReference; fileEncoding = 4; lastKnownFileType = text.xcconfig; name = CoreOF.xcconfig; path = ../../../../../../../../Applications/of_v0.9.8_osx_release/libs/openFrameworksCompiled/project/osx/CoreOF.xcconfig; sourceTree = SOURCE_ROOT; };
		E4EB6923138AFD0F00A09F29 /* Project.xcconfig */ = {isa = PBXFileReference; fileEncoding = 4; lastKnownFileType = text.xcconfig; path = Project.xcconfig; sourceTree = "<group>"; };
		EB853DBF7A86DE1CE9E0A3C4 /* ofxSmartFont.h */ = {isa = PBXFileReference; explicitFileType = sourcecode.c.h; fileEncoding = 30; name = ofxSmartFont.h; path = src/Addons/ofxDatGui/src/libs/ofxSmartFont/ofxSmartFont.h; sourceTree = SOURCE_ROOT; };
		EC2958AE46C53B67E9739A17 /* ModelManager.cpp */ = {isa = PBXFileReference; explicitFileType = sourcecode.cpp.cpp; fileEncoding = 30; name = ModelManager.cpp; path = src/Leds/ModelManager.cpp; sourceTree = SOURCE_ROOT; };
		EE8EE9B67F16AAC684FE2416 /* icon-radio-off.png */ = {isa = PBXFileReference; explicitFileType = file; fileEncoding = 30; name = "icon-radio-off.png"; path = "src/Addons/ofxDatGui/ofxbraitsch/ofxdatgui/icon-radio-off.png"; sourceTree = SOURCE_ROOT; };
		EFFBFFED8032234C9F89EE94 /* VerticalTiltShifPass.cpp */ = {isa = PBXFileReference; explicitFileType = sourcecode.cpp.cpp; fileEncoding = 30; name = VerticalTiltShifPass.cpp; path = src/Addons/ofxPostProcessing/src/VerticalTiltShifPass.cpp; sourceTree = SOURCE_ROOT; };
		F01F646CD84F962650B9F49A /* ofxDatGui.cpp */ = {isa = PBXFileReference; explicitFileType = sourcecode.cpp.cpp; fileEncoding = 30; name = ofxDatGui.cpp; path = src/Addons/ofxDatGui/src/ofxDatGui.cpp; sourceTree = SOURCE_ROOT; };
		F031E6FC1C12FD680F9FB9FB /* BloomPass.h */ = {isa = PBXFileReference; explicitFileType = sourcecode.c.h; fileEncoding = 30; name = BloomPass.h; path = src/Addons/ofxPostProcessing/src/BloomPass.h; sourceTree = SOURCE_ROOT; };
		F1FF1C3AF9C3A3E425FFC2DE /* ofxDatGuiComponent.h */ = {isa = PBXFileReference; explicitFileType = sourcecode.c.h; fileEncoding = 30; name = ofxDatGuiComponent.h; path = src/Addons/ofxDatGui/src/core/ofxDatGuiComponent.h; sourceTree = SOURCE_ROOT; };
		F595AA9F6DA817B3AA3D4B96 /* FxaaPass.cpp */ = {isa = PBXFileReference; explicitFileType = sourcecode.cpp.cpp; fileEncoding = 30; name = FxaaPass.cpp; path = src/Addons/ofxPostProcessing/src/FxaaPass.cpp; sourceTree = SOURCE_ROOT; };
		F6D304BD6F716E0F1666FDA6 /* LedsManager.cpp */ = {isa = PBXFileReference; explicitFileType = sourcecode.cpp.cpp; fileEncoding = 30; name = LedsManager.cpp; path = src/Leds/LedsManager.cpp; sourceTree = SOURCE_ROOT; };
		F722367F825BCDE7439BD9BC /* LimbDarkeningPass.h */ = {isa = PBXFileReference; explicitFileType = sourcecode.c.h; fileEncoding = 30; name = LimbDarkeningPass.h; path = src/Addons/ofxPostProcessing/src/LimbDarkeningPass.h; sourceTree = SOURCE_ROOT; };
		F7D513F7C92E3C60F81B1A61 /* ResourceManager.h */ = {isa = PBXFileReference; explicitFileType = sourcecode.c.h; fileEncoding = 30; name = ResourceManager.h; path = src/Engine/Resources/ResourceManager.h; sourceTree = SOURCE_ROOT; };
		F8EFA4FDD68C8E772F3C2C8C /* LUTPass.h */ = {isa = PBXFileReference; explicitFileType = sourcecode.c.h; fileEncoding = 30; name = LUTPass.h; path = src/Addons/ofxPostProcessing/src/LUTPass.h; sourceTree = SOURCE_ROOT; };
		F94F04C2A3BFBCB8D6F36DEB /* Manager.h */ = {isa = PBXFileReference; explicitFileType = sourcecode.c.h; fileEncoding = 30; name = Manager.h; path = src/Main/Manager.h; sourceTree = SOURCE_ROOT; };
		F9B62C30A256ED43F28F83FE /* FakeSSSPass.cpp */ = {isa = PBXFileReference; explicitFileType = sourcecode.cpp.cpp; fileEncoding = 30; name = FakeSSSPass.cpp; path = src/Addons/ofxPostProcessing/src/FakeSSSPass.cpp; sourceTree = SOURCE_ROOT; };
		FAA8F38D0BB49C2C375B1E73 /* ofxaddons_thumbnail.png */ = {isa = PBXFileReference; explicitFileType = file; fileEncoding = 30; name = ofxaddons_thumbnail.png; path = src/Addons/ofxDatGui/ofxaddons_thumbnail.png; sourceTree = SOURCE_ROOT; };
		FD4DF2284F5D80C655A0D429 /* CameraAnimations.h */ = {isa = PBXFileReference; explicitFileType = sourcecode.c.h; fileEncoding = 30; name = CameraAnimations.h; path = src/Engine/3D/CameraAnimations.h; sourceTree = SOURCE_ROOT; };
		FF71FE1412779C0AE111BC56 /* GuiManager.h */ = {isa = PBXFileReference; explicitFileType = sourcecode.c.h; fileEncoding = 30; name = GuiManager.h; path = src/Layout/GuiManager.h; sourceTree = SOURCE_ROOT; };
/* End PBXFileReference section */

/* Begin PBXFrameworksBuildPhase section */
		E4B69B590A3A1756003C02F2 /* Frameworks */ = {
			isa = PBXFrameworksBuildPhase;
			buildActionMask = 2147483647;
			files = (
				E4328149138ABC9F0047C5CB /* openFrameworksDebug.a in Frameworks */,
			);
			runOnlyForDeploymentPostprocessing = 0;
		};
/* End PBXFrameworksBuildPhase section */

/* Begin PBXGroup section */
		0564C083037E0848473DDC94 /* I0 */ = {
			isa = PBXGroup;
			children = (
				083990CB21188403001CC7AE /* UdpManager.cpp */,
				083990CA21188402001CC7AE /* UdpManager.h */,
				3A260C79069FA7DEF9728CEC /* KeyboardManager.cpp */,
				09BB1D7613A1F9D8E8B11D7A /* KeyboardManager.h */,
			);
			name = I0;
			sourceTree = "<group>";
		};
		083990D021188942001CC7AE /* ofxNetwork */ = {
			isa = PBXGroup;
			children = (
				083990D121188949001CC7AE /* src */,
			);
			name = ofxNetwork;
			sourceTree = "<group>";
		};
		083990D121188949001CC7AE /* src */ = {
			isa = PBXGroup;
			children = (
				083990D62118895D001CC7AE /* ofxNetwork.h */,
				083990D92118895D001CC7AE /* ofxNetworkUtils.h */,
				083990D32118895D001CC7AE /* ofxTCPClient.cpp */,
				083990D22118895D001CC7AE /* ofxTCPClient.h */,
				083990D52118895D001CC7AE /* ofxTCPManager.cpp */,
				083990D72118895D001CC7AE /* ofxTCPManager.h */,
				083990D82118895D001CC7AE /* ofxTCPServer.cpp */,
				083990D42118895D001CC7AE /* ofxTCPServer.h */,
				083990DB2118895D001CC7AE /* ofxUDPManager.cpp */,
				083990DA2118895D001CC7AE /* ofxUDPManager.h */,
			);
			name = src;
			sourceTree = "<group>";
		};
		08B297622118DED600B46CCB /* ofxMyIP */ = {
			isa = PBXGroup;
			children = (
				08B297632118DEDE00B46CCB /* src */,
			);
			name = ofxMyIP;
			sourceTree = "<group>";
		};
		08B297632118DEDE00B46CCB /* src */ = {
			isa = PBXGroup;
			children = (
				08B297642118DEEA00B46CCB /* ofxMyIP.h */,
			);
			name = src;
			sourceTree = "<group>";
		};
		08B297652118DFE300B46CCB /* ofxSimpleTimer */ = {
			isa = PBXGroup;
			children = (
				08B297662118DFE600B46CCB /* src */,
			);
			name = ofxSimpleTimer;
			sourceTree = "<group>";
		};
		08B297662118DFE600B46CCB /* src */ = {
			isa = PBXGroup;
			children = (
				08B297682118DFF400B46CCB /* ofxSimpleTimer.cpp */,
				08B297672118DFF400B46CCB /* ofxSimpleTimer.h */,
			);
			name = src;
			sourceTree = "<group>";
		};
		1646F71220FE0F0638559519 /* 3D */ = {
			isa = PBXGroup;
			children = (
				A05F1DCF8180DEEC9FBAE585 /* CameraAnimations.cpp */,
				FD4DF2284F5D80C655A0D429 /* CameraAnimations.h */,
				3C01FEEAD29823C01C4EEC27 /* CameraAnimationsManager.cpp */,
				9A41D072889FC9C8F4082F5C /* CameraAnimationsManager.h */,
				89DFBB918E3BCAFB0C93CAF3 /* CameraManager.cpp */,
				682CD55D28B06CEDCFD63D68 /* CameraManager.h */,
				09F8F2DF1D53E65319F30B96 /* LightManager.cpp */,
				DA2BEEEFB535A7D4C2159448 /* LightManager.h */,
			);
			name = 3D;
			sourceTree = "<group>";
		};
		1B5F0F4EB369AB94845BEE6E /* src */ = {
			isa = PBXGroup;
			children = (
				92E2F1C65C92E9DC31657311 /* BleachBypassPass.cpp */,
				D365C9B76CE3DABDC9D7D18F /* BleachBypassPass.h */,
				270B9F32AC131BBF45E6B021 /* BloomPass.cpp */,
				F031E6FC1C12FD680F9FB9FB /* BloomPass.h */,
				A9EC65E7BAAEF0AD0F0F3A8F /* ContrastPass.cpp */,
				B284289F7629965C5BE8066C /* ContrastPass.h */,
				279FCE7B33276953D0BDBC56 /* ConvolutionPass.cpp */,
				B15FEA314C3E80EFA3D0832E /* ConvolutionPass.h */,
				17CAE0163B7670B76C09C04A /* DofAltPass.cpp */,
				78F843EC6871D04D7C88AE25 /* DofAltPass.h */,
				7538A75A68873EBF8ECAC997 /* DofPass.cpp */,
				A98216C751C10688EE34C249 /* DofPass.h */,
				D8CAEC73346F19D366F0F70E /* EdgePass.cpp */,
				1CC59C0A3789CFDF9768EE4C /* EdgePass.h */,
				F9B62C30A256ED43F28F83FE /* FakeSSSPass.cpp */,
				BD29F0E629B25FED15FB283C /* FakeSSSPass.h */,
				F595AA9F6DA817B3AA3D4B96 /* FxaaPass.cpp */,
				1D3FAE8E74B1FE8060E64EE2 /* FxaaPass.h */,
				BE19FA45FB564FF3B31F7717 /* GodRaysPass.cpp */,
				4AF05E71CA0008D603287549 /* GodRaysPass.h */,
				404BD01D94515880BDB3BB31 /* HorizontalTiltShifPass.cpp */,
				5830AA7CE7ED683E07AB0677 /* HorizontalTiltShifPass.h */,
				E22A688927374F27EC795E58 /* HsbShiftPass.cpp */,
				047205093F2A89DB544917A6 /* HsbShiftPass.h */,
				980FF97B776DAF19993E10E1 /* KaleidoscopePass.cpp */,
				C0F6AA6127A74AA83307DF4A /* KaleidoscopePass.h */,
				7DD73A59B148E0587BD69D06 /* LimbDarkeningPass.cpp */,
				F722367F825BCDE7439BD9BC /* LimbDarkeningPass.h */,
				C5B3235BAAE16184979CCE55 /* LUTPass.cpp */,
				F8EFA4FDD68C8E772F3C2C8C /* LUTPass.h */,
				C54361CF83B4E9B8335D8C53 /* NoiseWarpPass.cpp */,
				722049980C93C8539A9F187D /* NoiseWarpPass.h */,
				59AD73639CD22E93AEDDE155 /* ofxPostProcessing.h */,
				9DA88F4D4E539D2DA4F9A22C /* PixelatePass.cpp */,
				D2DF57F5E3F9DE9A45D7F683 /* PixelatePass.h */,
				2CD8F947D89F5E5DC73C37FB /* PostProcessing.cpp */,
				4552E4232E14435861587309 /* PostProcessing.h */,
				B4C368B9ED6096766223AD3C /* RenderPass.cpp */,
				25F16E22E030B952F91CEB14 /* RenderPass.h */,
				C5C37E57854B9B32B29B03F0 /* RGBShiftPass.cpp */,
				00CD0F2BF77CDF37C89F3E3D /* RGBShiftPass.h */,
				9A0E195E4D3AE277D298CD77 /* RimHighlightingPass.cpp */,
				B43BB120107E3121BA75E435 /* RimHighlightingPass.h */,
				DCAC9FD717E304DDEDDEA3A6 /* SSAOPass.cpp */,
				93499D1D432C38D9D1CBF78A /* SSAOPass.h */,
				9265A903B04A971D3E1F93BA /* ToonPass.cpp */,
				B760404F70BCA4B5A0A352DC /* ToonPass.h */,
				EFFBFFED8032234C9F89EE94 /* VerticalTiltShifPass.cpp */,
				B502E6A77816596CB459E0C2 /* VerticalTiltShifPass.h */,
				CD95C3C0E19F75911F78ADC0 /* ZoomBlurPass.cpp */,
				900557F8C063B79E5B20D93A /* ZoomBlurPass.h */,
			);
			name = src;
			sourceTree = "<group>";
		};
		227FD584D83259067DDB2D62 /* ofxbraitsch */ = {
			isa = PBXGroup;
			children = (
				E2D08F1337BF27C76A0E4635 /* fonts */,
				5E2E5A4EDA06A97DEF1E43F5 /* ofxdatgui */,
			);
			name = ofxbraitsch;
			sourceTree = "<group>";
		};
		3727BF3222C1EA7482176F54 /* ofxPostProcessing */ = {
			isa = PBXGroup;
			children = (
				1B5F0F4EB369AB94845BEE6E /* src */,
			);
			name = ofxPostProcessing;
			sourceTree = "<group>";
		};
		375D8B140B52B55EB32EB487 /* Layout */ = {
			isa = PBXGroup;
			children = (
				4907E8B0250B798D3E6F09A1 /* GuiManager.cpp */,
				FF71FE1412779C0AE111BC56 /* GuiManager.h */,
				2C4030DB557CBDCD31BDF418 /* GuiTheme.h */,
				4229475864D5EBC7913C8351 /* LayoutManager.cpp */,
				78E61E440A21EE9FC6156AAD /* LayoutManager.h */,
			);
			name = Layout;
			sourceTree = "<group>";
		};
		396B8EBA7FB06F4CA0496C29 /* ofxPSLevels */ = {
			isa = PBXGroup;
			children = (
				A8ADB297F7CC2187FA05FD60 /* readme.md */,
				5C51B245B724B3480A2FBC1C /* src */,
			);
			name = ofxPSLevels;
			sourceTree = "<group>";
		};
		51215486FD04C7A6B90A7559 /* Visuals */ = {
			isa = PBXGroup;
			children = (
				3656BF3981C35A273806DCEB /* BasicVisual.h */,
				4F661FE0411AA0AC01E34CB7 /* ImageVisual.cpp */,
				11C490A0CA5771C60AE54B4B /* ImageVisual.h */,
				3DD6F074B2A9C65331157B2C /* ImageVisual3D.cpp */,
				1D7B4D07648F9CB293716166 /* ImageVisual3D.h */,
				96ADFA6EE75BC1E2BEDC0EAE /* RectangleVisual.cpp */,
				DD70B2772EF33404053225B4 /* RectangleVisual.h */,
				0227F9BE14631C9FE7CA55B1 /* TextVisual.cpp */,
				9C67249D70841A7148965565 /* TextVisual.h */,
				478D509B2DE7CC0EC16A7E2A /* VideoVisual.cpp */,
				4C24B2C372E7EE6C3EDCE881 /* VideoVisual.h */,
				4FE37A31C904F445222B25FC /* ViewManager.cpp */,
				68A02C9D01ED911C09E9874B /* ViewManager.h */,
				DCB9CB9C1093718FA5F131FA /* VisualEffects.cpp */,
				2A2B7E7FDC1CFF4A547CC661 /* VisualEffects.h */,
				BEDDA11B665FA62A298B7C39 /* VisualEffectsManager.cpp */,
				BCCDDC884835D8E0D60C9A94 /* VisualEffectsManager.h */,
			);
			name = Visuals;
			sourceTree = "<group>";
		};
		5AB3D1C9554E1FFF8C5DF1B7 /* ofxTextSuite */ = {
			isa = PBXGroup;
			children = (
				CBB903AB1DFA0741DC0C0E45 /* src */,
			);
			name = ofxTextSuite;
			sourceTree = "<group>";
		};
		5C51B245B724B3480A2FBC1C /* src */ = {
			isa = PBXGroup;
			children = (
				6E3559A1B75EA9B41D28A410 /* ofxPSLevels.cpp */,
				61A8280FBC6E32918DC1EC70 /* ofxPSLevels.h */,
			);
			name = src;
			sourceTree = "<group>";
		};
		5E2E5A4EDA06A97DEF1E43F5 /* ofxdatgui */ = {
			isa = PBXGroup;
			children = (
				019853FDA6CE354F78D49494 /* icon-group-closed.png */,
				A01E3068BFA24F657DF38672 /* icon-group-open.png */,
				EE8EE9B67F16AAC684FE2416 /* icon-radio-off.png */,
				A29639DFC905F9941E01F8A6 /* icon-radio-on.png */,
				3486E8F5DE7C2E67C1755543 /* picker-rainbow.png */,
			);
			name = ofxdatgui;
			sourceTree = "<group>";
		};
		5F1F9249C20D6107A76C492D /* Leds */ = {
			isa = PBXGroup;
			children = (
				8817977EC402ECDACAF805F2 /* Led.cpp */,
				ADC9CE1A1D2C99F170984832 /* Led.h */,
				F6D304BD6F716E0F1666FDA6 /* LedsManager.cpp */,
				7A56ACB5C0BD905E0E896431 /* LedsManager.h */,
				EC2958AE46C53B67E9739A17 /* ModelManager.cpp */,
				CADBB04C1BDAB188E57F15AC /* ModelManager.h */,
			);
			name = Leds;
			sourceTree = "<group>";
		};
		6948EE371B920CB800B5AC1A /* local_addons */ = {
			isa = PBXGroup;
			children = (
			);
			name = local_addons;
			sourceTree = "<group>";
		};
		74A312B2568D421CAAEF740A /* ofxDatGui */ = {
			isa = PBXGroup;
			children = (
				D35FE818DAD79E0110A02D56 /* history.md */,
				D5BBC200839D2DFA77CB6DDF /* license.txt */,
				FAA8F38D0BB49C2C375B1E73 /* ofxaddons_thumbnail.png */,
				227FD584D83259067DDB2D62 /* ofxbraitsch */,
				74D32EE8DF638ACA80358972 /* readme.md */,
				5BD8773A783AE9C3F4EB4D32 /* roadmap.md */,
				D5FA63058E887DE506D23E4F /* src */,
			);
			name = ofxDatGui;
			sourceTree = "<group>";
		};
		849CFBF90C1E4E70D5009E1D /* components */ = {
			isa = PBXGroup;
			children = (
				A505257A3D327FF0548919A4 /* ofxDatGui2dPad.h */,
				987285FD80440F6AD5E3ACE7 /* ofxDatGuiButton.h */,
				74ED8CF225B8CA21FB8D5518 /* ofxDatGuiColorPicker.h */,
				05B11A7F5D0BA7A59C78DDC4 /* ofxDatGuiControls.h */,
				573E12A8F90DB6A67AB58A2C /* ofxDatGuiFRM.h */,
				94F46A4EE3FBEFA53FE0B117 /* ofxDatGuiGroups.h */,
				982A57D9244589538FD3E53D /* ofxDatGuiLabel.h */,
				890DA7ABE3806B4834CCE555 /* ofxDatGuiMatrix.h */,
				73FB1B3F9EE133589ABF61AF /* ofxDatGuiScrollView.h */,
				0731597061D6181DB86681B1 /* ofxDatGuiSlider.h */,
				B75584AF4ADE4F6E8297B5DC /* ofxDatGuiTextInput.h */,
				41669C415AE6E1805319DE64 /* ofxDatGuiTextInputField.h */,
				7C276A6F0FF11D85F661482E /* ofxDatGuiTimeGraph.h */,
			);
			name = components;
			sourceTree = "<group>";
		};
		8DF915E9BCC12CEE70C66335 /* ofxSmartFont */ = {
			isa = PBXGroup;
			children = (
				AE9EA26E2A646CE843DEEB1E /* ofxSmartFont.cpp */,
				EB853DBF7A86DE1CE9E0A3C4 /* ofxSmartFont.h */,
			);
			name = ofxSmartFont;
			sourceTree = "<group>";
		};
		9968FEE4FA0CA80DD5381764 /* src */ = {
			isa = PBXGroup;
			children = (
				53739A80780BD4355F09B5A6 /* ofxBlur.cpp */,
				1D561D10993BE07F5297841A /* ofxBlur.h */,
			);
			name = src;
			sourceTree = "<group>";
		};
		9D4CA964E6167024C0594095 /* Resources */ = {
			isa = PBXGroup;
			children = (
				5FA64D51DA6D1619944A259C /* ResourceManager.cpp */,
				F7D513F7C92E3C60F81B1A61 /* ResourceManager.h */,
			);
			name = Resources;
			sourceTree = "<group>";
		};
		A61C485F7880BB9B79F26287 /* Tools */ = {
			isa = PBXGroup;
			children = (
				71EF984EC44E239BE26DBB24 /* EngineFont.cpp */,
				16DB6BE691528929B0B76B4A /* EngineFont.h */,
			);
			name = Tools;
			sourceTree = "<group>";
		};
		A7B70B76B5816355A2D3F9D6 /* libs */ = {
			isa = PBXGroup;
			children = (
				8DF915E9BCC12CEE70C66335 /* ofxSmartFont */,
			);
			name = libs;
			sourceTree = "<group>";
		};
		AD642137CCDF61FB3E6CCEA2 /* Addons */ = {
			isa = PBXGroup;
			children = (
				08B297652118DFE300B46CCB /* ofxSimpleTimer */,
				08B297622118DED600B46CCB /* ofxMyIP */,
				F79FFC9032CC6E409159B3E3 /* ofxBlur */,
				74A312B2568D421CAAEF740A /* ofxDatGui */,
				3727BF3222C1EA7482176F54 /* ofxPostProcessing */,
				396B8EBA7FB06F4CA0496C29 /* ofxPSLevels */,
				5AB3D1C9554E1FFF8C5DF1B7 /* ofxTextSuite */,
			);
			name = Addons;
			sourceTree = "<group>";
		};
		AF4FDCF7E02C59FCC5FE54A2 /* Main */ = {
			isa = PBXGroup;
			children = (
				5056FC61E30B9810903B814D /* AppManager.cpp */,
				D26C09D837E4FD6CBDBE2B8C /* AppManager.h */,
				83BE3476611B78EC70BCC238 /* LedMapperApp.cpp */,
				BE0668E329C36ABF51EA9D18 /* LedMapperApp.h */,
				6E3F47F486843AA062205007 /* main.cpp */,
				F94F04C2A3BFBCB8D6F36DEB /* Manager.h */,
				D2A2BE33BFF330BDC05A7FC5 /* managers.h */,
				73D7AA4CF4895FC3DEEC2978 /* SettingsManager.cpp */,
				496FB8BB67BF37BF8B96AD33 /* SettingsManager.h */,
			);
			name = Main;
			sourceTree = "<group>";
		};
		BB4B014C10F69532006C3DED /* addons */ = {
			isa = PBXGroup;
			children = (
				083990D021188942001CC7AE /* ofxNetwork */,
			);
			name = addons;
			sourceTree = "<group>";
		};
		C02C33831C66F04FEBAE29DE /* Visuals */ = {
			isa = PBXGroup;
			children = (
				C5B2FDB91DADF7FAA8F0E58C /* ImageManager.cpp */,
				8729A2323014D158DBFC5AD8 /* ImageManager.h */,
				2990685E1D17096D1F9B64CF /* VideoManager.cpp */,
				67EDBB787A2D6F21FFDD4446 /* VideoManager.h */,
				08F6603B211B422C00E6D734 /* myEasyCam.cpp */,
				08F6603C211B422C00E6D734 /* myEasyCam.h */,
			);
			name = Visuals;
			sourceTree = "<group>";
		};
		CBB903AB1DFA0741DC0C0E45 /* src */ = {
			isa = PBXGroup;
			children = (
				1486C841BC2A30DB7CBC449C /* ofxTextBlock.cpp */,
				39E51899797C321030D8DF13 /* ofxTextBlock.h */,
				04E341BAF173644575D80ED3 /* ofxTextSuite.h */,
			);
			name = src;
			sourceTree = "<group>";
		};
		D5FA63058E887DE506D23E4F /* src */ = {
			isa = PBXGroup;
			children = (
				849CFBF90C1E4E70D5009E1D /* components */,
				E57D65780AC4F6EB60A0195E /* core */,
				A7B70B76B5816355A2D3F9D6 /* libs */,
				F01F646CD84F962650B9F49A /* ofxDatGui.cpp */,
				555A33C9EE56F75A4B5CCA52 /* ofxDatGui.h */,
				F5BA7D81E49B30E3936A290A /* themes */,
			);
			name = src;
			sourceTree = "<group>";
		};
		E2C62C2B4F591B9A20DAF22A /* Engine */ = {
			isa = PBXGroup;
			children = (
				1646F71220FE0F0638559519 /* 3D */,
				9D4CA964E6167024C0594095 /* Resources */,
				A61C485F7880BB9B79F26287 /* Tools */,
				51215486FD04C7A6B90A7559 /* Visuals */,
			);
			name = Engine;
			sourceTree = "<group>";
		};
		E2D08F1337BF27C76A0E4635 /* fonts */ = {
			isa = PBXGroup;
			children = (
				63946788F06FDE10D90614A3 /* Verdana.ttf */,
			);
			name = fonts;
			sourceTree = "<group>";
		};
		E4328144138ABC890047C5CB /* Products */ = {
			isa = PBXGroup;
			children = (
				E4328148138ABC890047C5CB /* openFrameworksDebug.a */,
			);
			name = Products;
			sourceTree = "<group>";
		};
		E4B69B4A0A3A1720003C02F2 = {
			isa = PBXGroup;
			children = (
				E4B6FCAD0C3E899E008CF71C /* openFrameworks-Info.plist */,
				E4EB6923138AFD0F00A09F29 /* Project.xcconfig */,
				E4B69E1C0A3A1BDC003C02F2 /* src */,
				E4EEC9E9138DF44700A80321 /* openFrameworks */,
				BB4B014C10F69532006C3DED /* addons */,
				6948EE371B920CB800B5AC1A /* local_addons */,
				E4B69B5B0A3A1756003C02F2 /* LedMapperAppDebug.app */,
			);
			sourceTree = "<group>";
		};
		E4B69E1C0A3A1BDC003C02F2 /* src */ = {
			isa = PBXGroup;
			children = (
				AD642137CCDF61FB3E6CCEA2 /* Addons */,
				E2C62C2B4F591B9A20DAF22A /* Engine */,
				0564C083037E0848473DDC94 /* I0 */,
				375D8B140B52B55EB32EB487 /* Layout */,
				5F1F9249C20D6107A76C492D /* Leds */,
				AF4FDCF7E02C59FCC5FE54A2 /* Main */,
				C02C33831C66F04FEBAE29DE /* Visuals */,
			);
			path = src;
			sourceTree = SOURCE_ROOT;
		};
		E4EEC9E9138DF44700A80321 /* openFrameworks */ = {
			isa = PBXGroup;
			children = (
				E4EB691F138AFCF100A09F29 /* CoreOF.xcconfig */,
				E4328143138ABC890047C5CB /* openFrameworksLib.xcodeproj */,
			);
			name = openFrameworks;
			sourceTree = "<group>";
		};
		E57D65780AC4F6EB60A0195E /* core */ = {
			isa = PBXGroup;
			children = (
				2B7E328B97B36DC3EFCF35D9 /* ofxDatGuiComponent.cpp */,
				F1FF1C3AF9C3A3E425FFC2DE /* ofxDatGuiComponent.h */,
				550AF6E0E7E2FE9B5FD68BC6 /* ofxDatGuiConstants.h */,
				8B31FB9CC6C64A602BA945BC /* ofxDatGuiEvents.h */,
				28750EB1F29939E567A9840E /* ofxDatGuiIntObject.h */,
			);
			name = core;
			sourceTree = "<group>";
		};
		F5BA7D81E49B30E3936A290A /* themes */ = {
			isa = PBXGroup;
			children = (
				4200D36803B7AF1358A6C072 /* ofxDatGuiTheme.h */,
				BC947B31560AD911AA339B5E /* ofxDatGuiThemes.h */,
			);
			name = themes;
			sourceTree = "<group>";
		};
		F79FFC9032CC6E409159B3E3 /* ofxBlur */ = {
			isa = PBXGroup;
			children = (
				B5D3E3DBCF9C9E351AA85AD5 /* readme.md */,
				9968FEE4FA0CA80DD5381764 /* src */,
			);
			name = ofxBlur;
			sourceTree = "<group>";
		};
/* End PBXGroup section */

/* Begin PBXNativeTarget section */
		E4B69B5A0A3A1756003C02F2 /* LedMapperApp */ = {
			isa = PBXNativeTarget;
			buildConfigurationList = E4B69B5F0A3A1757003C02F2 /* Build configuration list for PBXNativeTarget "LedMapperApp" */;
			buildPhases = (
				E4B69B580A3A1756003C02F2 /* Sources */,
				E4B69B590A3A1756003C02F2 /* Frameworks */,
				E4B6FFFD0C3F9AB9008CF71C /* ShellScript */,
				E4C2427710CC5ABF004149E2 /* CopyFiles */,
			);
			buildRules = (
			);
			dependencies = (
				E4EEB9AC138B136A00A80321 /* PBXTargetDependency */,
			);
			name = LedMapperApp;
			productName = myOFApp;
			productReference = E4B69B5B0A3A1756003C02F2 /* LedMapperAppDebug.app */;
			productType = "com.apple.product-type.application";
		};
/* End PBXNativeTarget section */

/* Begin PBXProject section */
		E4B69B4C0A3A1720003C02F2 /* Project object */ = {
			isa = PBXProject;
			attributes = {
				LastUpgradeCheck = 0600;
			};
			buildConfigurationList = E4B69B4D0A3A1720003C02F2 /* Build configuration list for PBXProject "LedMapperApp" */;
			compatibilityVersion = "Xcode 3.2";
			developmentRegion = English;
			hasScannedForEncodings = 0;
			knownRegions = (
				English,
				Japanese,
				French,
				German,
			);
			mainGroup = E4B69B4A0A3A1720003C02F2;
			productRefGroup = E4B69B4A0A3A1720003C02F2;
			projectDirPath = "";
			projectReferences = (
				{
					ProductGroup = E4328144138ABC890047C5CB /* Products */;
					ProjectRef = E4328143138ABC890047C5CB /* openFrameworksLib.xcodeproj */;
				},
			);
			projectRoot = "";
			targets = (
				E4B69B5A0A3A1756003C02F2 /* LedMapperApp */,
			);
		};
/* End PBXProject section */

/* Begin PBXReferenceProxy section */
		E4328148138ABC890047C5CB /* openFrameworksDebug.a */ = {
			isa = PBXReferenceProxy;
			fileType = archive.ar;
			path = openFrameworksDebug.a;
			remoteRef = E4328147138ABC890047C5CB /* PBXContainerItemProxy */;
			sourceTree = BUILT_PRODUCTS_DIR;
		};
/* End PBXReferenceProxy section */

/* Begin PBXShellScriptBuildPhase section */
		E4B6FFFD0C3F9AB9008CF71C /* ShellScript */ = {
			isa = PBXShellScriptBuildPhase;
			buildActionMask = 2147483647;
			files = (
			);
			inputPaths = (
			);
			outputPaths = (
			);
			runOnlyForDeploymentPostprocessing = 0;
			shellPath = /bin/sh;
			shellScript = "mkdir -p \"$TARGET_BUILD_DIR/$PRODUCT_NAME.app/Contents/Resources/\"\n# Copy default icon file into App/Resources\nrsync -aved \"$ICON_FILE\" \"$TARGET_BUILD_DIR/$PRODUCT_NAME.app/Contents/Resources/\"\n# Copy libfmod and change install directory for fmod to run\nrsync -aved ../../../../../../../../Applications/of_v0.9.8_osx_release/libs/fmodex/lib/osx/libfmodex.dylib \"$TARGET_BUILD_DIR/$PRODUCT_NAME.app/Contents/Frameworks/\";\ninstall_name_tool -change @executable_path/libfmodex.dylib @executable_path/../Frameworks/libfmodex.dylib \"$TARGET_BUILD_DIR/$PRODUCT_NAME.app/Contents/MacOS/$PRODUCT_NAME\";\n# Copy GLUT framework (must remove for AppStore submissions)\nrsync -aved ../../../../../../../../Applications/of_v0.9.8_osx_release/libs/glut/lib/osx/GLUT.framework \"$TARGET_BUILD_DIR/$PRODUCT_NAME.app/Contents/Frameworks/\"\n\ncp -r bin/data \"$TARGET_BUILD_DIR/$PRODUCT_NAME.app/Contents/Resources\";\n";
		};
/* End PBXShellScriptBuildPhase section */

/* Begin PBXSourcesBuildPhase section */
		E4B69B580A3A1756003C02F2 /* Sources */ = {
			isa = PBXSourcesBuildPhase;
			buildActionMask = 2147483647;
			files = (
				76A63EE6C436F4596E9DDE8C /* readme.md in Sources */,
				333113E71EDD596780D5FC0C /* ofxBlur.cpp in Sources */,
				00E7693985C6746E94870C0C /* history.md in Sources */,
				E49699C1F3B736D5847985D8 /* license.txt in Sources */,
				6BE84BED9B493CA514480EF3 /* ofxaddons_thumbnail.png in Sources */,
				040259BAD9E7E5CDA062C1FF /* Verdana.ttf in Sources */,
				E23B9A2CD222C1969CC8B2BA /* icon-group-closed.png in Sources */,
				46DE9A6B85E9B574643D0D67 /* icon-group-open.png in Sources */,
				083990DF2118895D001CC7AE /* ofxUDPManager.cpp in Sources */,
				63A90FF94CFD24B528DBEF66 /* icon-radio-off.png in Sources */,
				5057E92136F67CEB60A9CFE8 /* icon-radio-on.png in Sources */,
				6F6BBB4756484E68AB2208D7 /* picker-rainbow.png in Sources */,
				209D83A65C0D547E3D4F62A5 /* readme.md in Sources */,
				86973836275DBDFE10FC4D07 /* roadmap.md in Sources */,
				DF2764E1860DD2D324923A1D /* ofxDatGuiComponent.cpp in Sources */,
				059F15A57C00F89CF43FDDD6 /* ofxSmartFont.cpp in Sources */,
				49EE14834E328B244122B5DE /* ofxDatGui.cpp in Sources */,
				083990DD2118895D001CC7AE /* ofxTCPManager.cpp in Sources */,
				E0A4FEE5EA64E2D22ECB8279 /* BleachBypassPass.cpp in Sources */,
				3858F6C5A65122C7E9AB7A44 /* BloomPass.cpp in Sources */,
				A6F9B2E3C2F68F92EDECB6E4 /* ContrastPass.cpp in Sources */,
				809B0D0AA188CF0F15F4D0E2 /* ConvolutionPass.cpp in Sources */,
				65E588AA75CD1992180164AC /* DofAltPass.cpp in Sources */,
				EED88B9908EEF9CF82D2EA5D /* DofPass.cpp in Sources */,
				94A5BE8D9E5D956B6F719756 /* EdgePass.cpp in Sources */,
				F21D9E004F4E33C8FEBB6BC8 /* FakeSSSPass.cpp in Sources */,
				491AAC4FBA6A0EED0F888BB3 /* FxaaPass.cpp in Sources */,
				106B97E658138710B59773AE /* GodRaysPass.cpp in Sources */,
				083990CC21188403001CC7AE /* UdpManager.cpp in Sources */,
				8EF4DE54739314545CE7072E /* HorizontalTiltShifPass.cpp in Sources */,
				7A4524965841683C0415874A /* HsbShiftPass.cpp in Sources */,
				F6400F5A83A5662D5CF069BE /* KaleidoscopePass.cpp in Sources */,
				C0BE98DAA1C7F09C90863281 /* LimbDarkeningPass.cpp in Sources */,
				083990DE2118895D001CC7AE /* ofxTCPServer.cpp in Sources */,
				6CF4DB637050B51EF40A4CE3 /* LUTPass.cpp in Sources */,
				6286707BC126BC69BE17FB3A /* NoiseWarpPass.cpp in Sources */,
				F112CEC8EC064BD6AD9E6FE2 /* PixelatePass.cpp in Sources */,
				32BAF795C43C262CEE96C5C6 /* PostProcessing.cpp in Sources */,
				5D1636B56624E8846A871192 /* RenderPass.cpp in Sources */,
				8D6C918BE49C3E9E6DC748EC /* RGBShiftPass.cpp in Sources */,
				AEEA65D8B5235753D25F3B81 /* RimHighlightingPass.cpp in Sources */,
				73F91A92F99A915CBFADC77E /* SSAOPass.cpp in Sources */,
				BA050F08F3511512F4DAAAF1 /* ToonPass.cpp in Sources */,
				751907BAACEFE670BD007118 /* VerticalTiltShifPass.cpp in Sources */,
				CE1B5BDD24D042028D398E8A /* ZoomBlurPass.cpp in Sources */,
				EF38AFCA0A32329E4AD294F1 /* readme.md in Sources */,
				FA0CB8B0BD676FCA764113AE /* ofxPSLevels.cpp in Sources */,
				00F8DAC81953313F8180A13C /* ofxTextBlock.cpp in Sources */,
				48F94177806B5CB8D3C0F283 /* CameraAnimations.cpp in Sources */,
				083990DC2118895D001CC7AE /* ofxTCPClient.cpp in Sources */,
				C6B3BFC2668F137F745DC3C6 /* CameraAnimationsManager.cpp in Sources */,
				8C9DFFBD826A20F752ED0CD6 /* CameraManager.cpp in Sources */,
				DC16DA963E4E5873F0AE7C9E /* LightManager.cpp in Sources */,
				6F36C225B48477DFCCA6FB64 /* ResourceManager.cpp in Sources */,
				68A59FFAF8D6A1C715A69CD4 /* EngineFont.cpp in Sources */,
				3A6C7D72771284673CBE247D /* ImageVisual.cpp in Sources */,
				F7EA3801298F5E54967C119B /* ImageVisual3D.cpp in Sources */,
				DEBDF1F781CA34214BEBD185 /* RectangleVisual.cpp in Sources */,
				DB05E98D002D6650AA23E87B /* TextVisual.cpp in Sources */,
				E66F471FC218F559192473CB /* VideoVisual.cpp in Sources */,
				9D9E0E996DA1B9AC9952C889 /* ViewManager.cpp in Sources */,
				875651AF8693D3DE4CC23485 /* VisualEffects.cpp in Sources */,
				B790DA4F42194210B9259E42 /* VisualEffectsManager.cpp in Sources */,
				5152A5DBF51A461014A1F631 /* KeyboardManager.cpp in Sources */,
				5D33A9513B2A4C6DBD3188C7 /* GuiManager.cpp in Sources */,
				08B297692118DFF400B46CCB /* ofxSimpleTimer.cpp in Sources */,
				93510377552D47B6620A7586 /* LayoutManager.cpp in Sources */,
				EB2372CEF0C9D14317E0AC9F /* Led.cpp in Sources */,
				3FE2F90B109919F6223E9439 /* LedsManager.cpp in Sources */,
				1835B306208122634C04CA79 /* ModelManager.cpp in Sources */,
				08F6603D211B422C00E6D734 /* myEasyCam.cpp in Sources */,
				1AF15FCF93D2DDD6D4285C8E /* AppManager.cpp in Sources */,
				D2139DA5372087AD2FC99937 /* LedMapperApp.cpp in Sources */,
				DA22DA3A4F2E611DF50078F2 /* main.cpp in Sources */,
				58BCEB4034B30CB4A3456FC7 /* SettingsManager.cpp in Sources */,
				8310E60C1E2408B2C5269D5B /* ImageManager.cpp in Sources */,
				41495ECD0155116522DCA99A /* VideoManager.cpp in Sources */,
			);
			runOnlyForDeploymentPostprocessing = 0;
		};
/* End PBXSourcesBuildPhase section */

/* Begin PBXTargetDependency section */
		E4EEB9AC138B136A00A80321 /* PBXTargetDependency */ = {
			isa = PBXTargetDependency;
			name = openFrameworks;
			targetProxy = E4EEB9AB138B136A00A80321 /* PBXContainerItemProxy */;
		};
/* End PBXTargetDependency section */

/* Begin XCBuildConfiguration section */
		E4B69B4E0A3A1720003C02F2 /* Debug */ = {
			isa = XCBuildConfiguration;
			baseConfigurationReference = E4EB6923138AFD0F00A09F29 /* Project.xcconfig */;
			buildSettings = {
				CONFIGURATION_BUILD_DIR = "$(SRCROOT)/bin/";
				COPY_PHASE_STRIP = NO;
				DEAD_CODE_STRIPPING = YES;
				GCC_AUTO_VECTORIZATION = YES;
				GCC_ENABLE_SSE3_EXTENSIONS = YES;
				GCC_ENABLE_SUPPLEMENTAL_SSE3_INSTRUCTIONS = YES;
				GCC_INLINES_ARE_PRIVATE_EXTERN = NO;
				GCC_OPTIMIZATION_LEVEL = 0;
				GCC_SYMBOLS_PRIVATE_EXTERN = NO;
				GCC_WARN_ABOUT_DEPRECATED_FUNCTIONS = YES;
				GCC_WARN_ABOUT_INVALID_OFFSETOF_MACRO = NO;
				GCC_WARN_ALLOW_INCOMPLETE_PROTOCOL = NO;
				GCC_WARN_UNINITIALIZED_AUTOS = NO;
				GCC_WARN_UNUSED_VALUE = NO;
				GCC_WARN_UNUSED_VARIABLE = NO;
				HEADER_SEARCH_PATHS = (
					"$(OF_CORE_HEADERS)",
					src/Addons/ofxBlur,
					src/Addons/ofxBlur/src,
					src/Addons/ofxDatGui,
					src/Addons/ofxDatGui/ofxbraitsch/fonts,
					src/Addons/ofxDatGui/ofxbraitsch/ofxdatgui,
					src/Addons/ofxDatGui/src,
					src/Addons/ofxDatGui/src/components,
					src/Addons/ofxDatGui/src/core,
					src/Addons/ofxDatGui/src/libs/ofxSmartFont,
					src/Addons/ofxDatGui/src/themes,
					src/Addons/ofxPSLevels,
					src/Addons/ofxPSLevels/src,
					src/Addons/ofxPostProcessing/src,
					src/Addons/ofxTextSuite/src,
					src/Engine/3D,
					src/Engine/Resources,
					src/Engine/Tools,
					src/Engine/Visuals,
					src/I0,
					src/Layout,
					src/Leds,
					src/Main,
					src/Visuals,
				);
				MACOSX_DEPLOYMENT_TARGET = 10.8;
				ONLY_ACTIVE_ARCH = YES;
				OTHER_CPLUSPLUSFLAGS = (
					"-D__MACOSX_CORE__",
					"-mtune=native",
				);
				SDKROOT = macosx;
			};
			name = Debug;
		};
		E4B69B4F0A3A1720003C02F2 /* Release */ = {
			isa = XCBuildConfiguration;
			baseConfigurationReference = E4EB6923138AFD0F00A09F29 /* Project.xcconfig */;
			buildSettings = {
				CONFIGURATION_BUILD_DIR = "$(SRCROOT)/bin/";
				COPY_PHASE_STRIP = YES;
				DEAD_CODE_STRIPPING = YES;
				GCC_AUTO_VECTORIZATION = YES;
				GCC_ENABLE_SSE3_EXTENSIONS = YES;
				GCC_ENABLE_SUPPLEMENTAL_SSE3_INSTRUCTIONS = YES;
				GCC_INLINES_ARE_PRIVATE_EXTERN = NO;
				GCC_OPTIMIZATION_LEVEL = 3;
				GCC_SYMBOLS_PRIVATE_EXTERN = NO;
				GCC_UNROLL_LOOPS = YES;
				GCC_WARN_ABOUT_DEPRECATED_FUNCTIONS = YES;
				GCC_WARN_ABOUT_INVALID_OFFSETOF_MACRO = NO;
				GCC_WARN_ALLOW_INCOMPLETE_PROTOCOL = NO;
				GCC_WARN_UNINITIALIZED_AUTOS = NO;
				GCC_WARN_UNUSED_VALUE = NO;
				GCC_WARN_UNUSED_VARIABLE = NO;
				HEADER_SEARCH_PATHS = (
					"$(OF_CORE_HEADERS)",
					src/Addons/ofxBlur,
					src/Addons/ofxBlur/src,
					src/Addons/ofxDatGui,
					src/Addons/ofxDatGui/ofxbraitsch/fonts,
					src/Addons/ofxDatGui/ofxbraitsch/ofxdatgui,
					src/Addons/ofxDatGui/src,
					src/Addons/ofxDatGui/src/components,
					src/Addons/ofxDatGui/src/core,
					src/Addons/ofxDatGui/src/libs/ofxSmartFont,
					src/Addons/ofxDatGui/src/themes,
					src/Addons/ofxPSLevels,
					src/Addons/ofxPSLevels/src,
					src/Addons/ofxPostProcessing/src,
					src/Addons/ofxTextSuite/src,
					src/Engine/3D,
					src/Engine/Resources,
					src/Engine/Tools,
					src/Engine/Visuals,
					src/I0,
					src/Layout,
					src/Leds,
					src/Main,
					src/Visuals,
				);
				MACOSX_DEPLOYMENT_TARGET = 10.8;
				OTHER_CPLUSPLUSFLAGS = (
					"-D__MACOSX_CORE__",
					"-mtune=native",
				);
				SDKROOT = macosx;
			};
			name = Release;
		};
		E4B69B600A3A1757003C02F2 /* Debug */ = {
			isa = XCBuildConfiguration;
			baseConfigurationReference = E4EB6923138AFD0F00A09F29 /* Project.xcconfig */;
			buildSettings = {
				COMBINE_HIDPI_IMAGES = YES;
				COPY_PHASE_STRIP = NO;
				FRAMEWORK_SEARCH_PATHS = (
					"$(inherited)",
					"$(FRAMEWORK_SEARCH_PATHS_QUOTED_FOR_TARGET_1)",
				);
				FRAMEWORK_SEARCH_PATHS_QUOTED_FOR_TARGET_1 = "\"$(SRCROOT)/../../../../../../../../Applications/of_v0.9.8_osx_release/libs/glut/lib/osx\"";
				GCC_DYNAMIC_NO_PIC = NO;
				GCC_GENERATE_DEBUGGING_SYMBOLS = YES;
				GCC_MODEL_TUNING = NONE;
				HEADER_SEARCH_PATHS = (
					"$(OF_CORE_HEADERS)",
					src/Addons/ofxBlur,
					src/Addons/ofxBlur/src,
					src/Addons/ofxDatGui,
					src/Addons/ofxDatGui/ofxbraitsch/fonts,
					src/Addons/ofxDatGui/ofxbraitsch/ofxdatgui,
					src/Addons/ofxDatGui/src,
					src/Addons/ofxDatGui/src/components,
					src/Addons/ofxDatGui/src/core,
					src/Addons/ofxDatGui/src/libs/ofxSmartFont,
					src/Addons/ofxDatGui/src/themes,
					src/Addons/ofxPSLevels,
					src/Addons/ofxPSLevels/src,
					src/Addons/ofxPostProcessing/src,
					src/Addons/ofxTextSuite/src,
					src/Engine/3D,
					src/Engine/Resources,
					src/Engine/Tools,
					src/Engine/Visuals,
					src/I0,
					src/Layout,
					src/Leds,
					src/Main,
					src/Visuals,
				);
				ICON = "$(ICON_NAME_DEBUG)";
				ICON_FILE = "$(ICON_FILE_PATH)$(ICON)";
				INFOPLIST_FILE = "openFrameworks-Info.plist";
				INSTALL_PATH = /Applications;
				LIBRARY_SEARCH_PATHS = "$(inherited)";
				PRODUCT_NAME = "$(TARGET_NAME)Debug";
				WRAPPER_EXTENSION = app;
			};
			name = Debug;
		};
		E4B69B610A3A1757003C02F2 /* Release */ = {
			isa = XCBuildConfiguration;
			baseConfigurationReference = E4EB6923138AFD0F00A09F29 /* Project.xcconfig */;
			buildSettings = {
				COMBINE_HIDPI_IMAGES = YES;
				COPY_PHASE_STRIP = YES;
				FRAMEWORK_SEARCH_PATHS = (
					"$(inherited)",
					"$(FRAMEWORK_SEARCH_PATHS_QUOTED_FOR_TARGET_1)",
				);
				FRAMEWORK_SEARCH_PATHS_QUOTED_FOR_TARGET_1 = "\"$(SRCROOT)/../../../../../../../../Applications/of_v0.9.8_osx_release/libs/glut/lib/osx\"";
				GCC_GENERATE_DEBUGGING_SYMBOLS = YES;
				GCC_MODEL_TUNING = NONE;
				HEADER_SEARCH_PATHS = (
					"$(OF_CORE_HEADERS)",
					src/Addons/ofxBlur,
					src/Addons/ofxBlur/src,
					src/Addons/ofxDatGui,
					src/Addons/ofxDatGui/ofxbraitsch/fonts,
					src/Addons/ofxDatGui/ofxbraitsch/ofxdatgui,
					src/Addons/ofxDatGui/src,
					src/Addons/ofxDatGui/src/components,
					src/Addons/ofxDatGui/src/core,
					src/Addons/ofxDatGui/src/libs/ofxSmartFont,
					src/Addons/ofxDatGui/src/themes,
					src/Addons/ofxPSLevels,
					src/Addons/ofxPSLevels/src,
					src/Addons/ofxPostProcessing/src,
					src/Addons/ofxTextSuite/src,
					src/Engine/3D,
					src/Engine/Resources,
					src/Engine/Tools,
					src/Engine/Visuals,
					src/I0,
					src/Layout,
					src/Leds,
					src/Main,
					src/Visuals,
				);
				ICON = "$(ICON_NAME_RELEASE)";
				ICON_FILE = "$(ICON_FILE_PATH)$(ICON)";
				INFOPLIST_FILE = "openFrameworks-Info.plist";
				INSTALL_PATH = /Applications;
				LIBRARY_SEARCH_PATHS = "$(inherited)";
				PRODUCT_NAME = "$(TARGET_NAME)";
				WRAPPER_EXTENSION = app;
				baseConfigurationReference = E4EB6923138AFD0F00A09F29;
			};
			name = Release;
		};
/* End XCBuildConfiguration section */

/* Begin XCConfigurationList section */
		E4B69B4D0A3A1720003C02F2 /* Build configuration list for PBXProject "LedMapperApp" */ = {
			isa = XCConfigurationList;
			buildConfigurations = (
				E4B69B4E0A3A1720003C02F2 /* Debug */,
				E4B69B4F0A3A1720003C02F2 /* Release */,
			);
			defaultConfigurationIsVisible = 0;
			defaultConfigurationName = Release;
		};
		E4B69B5F0A3A1757003C02F2 /* Build configuration list for PBXNativeTarget "LedMapperApp" */ = {
			isa = XCConfigurationList;
			buildConfigurations = (
				E4B69B600A3A1757003C02F2 /* Debug */,
				E4B69B610A3A1757003C02F2 /* Release */,
			);
			defaultConfigurationIsVisible = 0;
			defaultConfigurationName = Release;
		};
/* End XCConfigurationList section */
	};
	rootObject = E4B69B4C0A3A1720003C02F2 /* Project object */;
}
